// !$*UTF8*$!
{
	archiveVersion = 1;
	classes = {
	};
	objectVersion = 46;
	objects = {

/* Begin PBXBuildFile section */
		15185D272269CA610009CD7A /* PYObjectCopy.m in Sources */ = {isa = PBXBuildFile; fileRef = 15185D262269CA610009CD7A /* PYObjectCopy.m */; };
		15185D282269DF860009CD7A /* PYObjectCopy.m in Sources */ = {isa = PBXBuildFile; fileRef = 15185D262269CA610009CD7A /* PYObjectCopy.m */; };
		15242A6B1DF6580100C361E4 /* PYMotionNotification.m in Sources */ = {isa = PBXBuildFile; fileRef = 15242A641DF6580100C361E4 /* PYMotionNotification.m */; };
		15242A6C1DF6580100C361E4 /* PYOrientationNotification.m in Sources */ = {isa = PBXBuildFile; fileRef = 15242A661DF6580100C361E4 /* PYOrientationNotification.m */; };
		15242A751DF6592400C361E4 /* PYInvoke.m in Sources */ = {isa = PBXBuildFile; fileRef = 15242A741DF6592400C361E4 /* PYInvoke.m */; };
		153B97761F1DE566000F007C /* PYXml.m in Sources */ = {isa = PBXBuildFile; fileRef = 153B97751F1DE566000F007C /* PYXml.m */; };
		15422DBA21E5B4A30038D09E /* PYArchiveParse.m in Sources */ = {isa = PBXBuildFile; fileRef = 15422DB921E5B4A30038D09E /* PYArchiveParse.m */; };
		15422DBE21E5C9680038D09E /* PYArchiveObject.m in Sources */ = {isa = PBXBuildFile; fileRef = 15422DBD21E5C9680038D09E /* PYArchiveObject.m */; };
		15422DC121E5FA490038D09E /* PYParseDictionary.m in Sources */ = {isa = PBXBuildFile; fileRef = 15422DC021E5FA490038D09E /* PYParseDictionary.m */; };
		15422DC321E602830038D09E /* PYArchiveParse.m in Sources */ = {isa = PBXBuildFile; fileRef = 15422DB921E5B4A30038D09E /* PYArchiveParse.m */; };
		15422DC421E602830038D09E /* PYArchiveObject.m in Sources */ = {isa = PBXBuildFile; fileRef = 15422DBD21E5C9680038D09E /* PYArchiveObject.m */; };
		15422DC521E602830038D09E /* PYParseDictionary.m in Sources */ = {isa = PBXBuildFile; fileRef = 15422DC021E5FA490038D09E /* PYParseDictionary.m */; };
		155172D72619BD4F00DB8996 /* UIView+PYLayoutGet.m in Sources */ = {isa = PBXBuildFile; fileRef = 155172D62619BD4F00DB8996 /* UIView+PYLayoutGet.m */; };
		155172DA2619BE7100DB8996 /* UIView+PYLayoutRemove.m in Sources */ = {isa = PBXBuildFile; fileRef = 155172D92619BE7100DB8996 /* UIView+PYLayoutRemove.m */; };
		15799F9B1F99DB54001A7276 /* PYXml.m in Sources */ = {isa = PBXBuildFile; fileRef = 153B97751F1DE566000F007C /* PYXml.m */; };
		15799F9C1F99DB62001A7276 /* PYXml.h in CopyFiles */ = {isa = PBXBuildFile; fileRef = 153B97741F1DE566000F007C /* PYXml.h */; };
		1583E1571DFA9F7000AD48EA /* UIResponder+Hook.m in Sources */ = {isa = PBXBuildFile; fileRef = 1583E1561DFA9F7000AD48EA /* UIResponder+Hook.m */; };
		1583E1581DFA9FA400AD48EA /* UIResponder+Hook.m in Sources */ = {isa = PBXBuildFile; fileRef = 1583E1561DFA9F7000AD48EA /* UIResponder+Hook.m */; };
		1583E1591DFA9FAC00AD48EA /* UIResponder+Hook.h in CopyFiles */ = {isa = PBXBuildFile; fileRef = 1583E1551DFA9F7000AD48EA /* UIResponder+Hook.h */; };
		159F23FA23978F9900C95278 /* UIResponder+PYKeyboard.m in Sources */ = {isa = PBXBuildFile; fileRef = 159F23F923978F9900C95278 /* UIResponder+PYKeyboard.m */; };
		159F23FD23978FDE00C95278 /* PYKeyboardNotifyPointerContext.m in Sources */ = {isa = PBXBuildFile; fileRef = 159F23FC23978FDE00C95278 /* PYKeyboardNotifyPointerContext.m */; };
		159F24032397908D00C95278 /* PYKeyboardNotificationObject.m in Sources */ = {isa = PBXBuildFile; fileRef = 159F24022397908D00C95278 /* PYKeyboardNotificationObject.m */; };
		159F24042397923700C95278 /* UIResponder+PYKeyboard.m in Sources */ = {isa = PBXBuildFile; fileRef = 159F23F923978F9900C95278 /* UIResponder+PYKeyboard.m */; };
		159F24052397923700C95278 /* PYKeyboardNotifyPointerContext.m in Sources */ = {isa = PBXBuildFile; fileRef = 159F23FC23978FDE00C95278 /* PYKeyboardNotifyPointerContext.m */; };
		159F24062397923700C95278 /* PYKeyboardNotificationObject.m in Sources */ = {isa = PBXBuildFile; fileRef = 159F24022397908D00C95278 /* PYKeyboardNotificationObject.m */; };
		15B11B23232216D000CB11FF /* PYKeychain.m in Sources */ = {isa = PBXBuildFile; fileRef = 15B11B21232216D000CB11FF /* PYKeychain.m */; };
		15B11B242322171F00CB11FF /* PYKeychain.h in CopyFiles */ = {isa = PBXBuildFile; fileRef = 15B11B22232216D000CB11FF /* PYKeychain.h */; };
		15B11B252322172F00CB11FF /* PYKeychain.m in Sources */ = {isa = PBXBuildFile; fileRef = 15B11B21232216D000CB11FF /* PYKeychain.m */; };
		15B13E2722927AC20063AA74 /* NSObject+__PYHook_Private.m in Sources */ = {isa = PBXBuildFile; fileRef = 15B13E2622927AC20063AA74 /* NSObject+__PYHook_Private.m */; };
		15B13E2822927BAB0063AA74 /* NSObject+__PYHook_Private.m in Sources */ = {isa = PBXBuildFile; fileRef = 15B13E2622927AC20063AA74 /* NSObject+__PYHook_Private.m */; };
		15B13E382293E5330063AA74 /* NSString+__PY_Match.m in Sources */ = {isa = PBXBuildFile; fileRef = 15B13E372293E5330063AA74 /* NSString+__PY_Match.m */; };
		15B13E392293E94D0063AA74 /* NSString+__PY_Match.m in Sources */ = {isa = PBXBuildFile; fileRef = 15B13E372293E5330063AA74 /* NSString+__PY_Match.m */; };
		15BFDEB01DF4FFF20044EDAA /* main.m in Sources */ = {isa = PBXBuildFile; fileRef = 15BFDEAF1DF4FFF20044EDAA /* main.m */; };
		15BFDEB31DF4FFF20044EDAA /* AppDelegate.m in Sources */ = {isa = PBXBuildFile; fileRef = 15BFDEB21DF4FFF20044EDAA /* AppDelegate.m */; };
		15BFDEB61DF4FFF20044EDAA /* ViewController.m in Sources */ = {isa = PBXBuildFile; fileRef = 15BFDEB51DF4FFF20044EDAA /* ViewController.m */; };
		15BFDEB91DF4FFF20044EDAA /* Main.storyboard in Resources */ = {isa = PBXBuildFile; fileRef = 15BFDEB71DF4FFF20044EDAA /* Main.storyboard */; };
		15BFDEBB1DF4FFF20044EDAA /* Assets.xcassets in Resources */ = {isa = PBXBuildFile; fileRef = 15BFDEBA1DF4FFF20044EDAA /* Assets.xcassets */; };
		15BFDEBE1DF4FFF20044EDAA /* LaunchScreen.storyboard in Resources */ = {isa = PBXBuildFile; fileRef = 15BFDEBC1DF4FFF20044EDAA /* LaunchScreen.storyboard */; };
		15BFDF041DF5034A0044EDAA /* NSArray+PYExpand.m in Sources */ = {isa = PBXBuildFile; fileRef = 15BFDECD1DF5034A0044EDAA /* NSArray+PYExpand.m */; };
		15BFDF051DF5034A0044EDAA /* NSData+PYExpand.m in Sources */ = {isa = PBXBuildFile; fileRef = 15BFDECF1DF5034A0044EDAA /* NSData+PYExpand.m */; };
		15BFDF061DF5034A0044EDAA /* NSDate+PYExpand.m in Sources */ = {isa = PBXBuildFile; fileRef = 15BFDED11DF5034A0044EDAA /* NSDate+PYExpand.m */; };
		15BFDF071DF5034A0044EDAA /* NSDictionary+PYExpand.m in Sources */ = {isa = PBXBuildFile; fileRef = 15BFDED31DF5034A0044EDAA /* NSDictionary+PYExpand.m */; };
		15BFDF081DF5034A0044EDAA /* NSNumber+PYExpand.m in Sources */ = {isa = PBXBuildFile; fileRef = 15BFDED51DF5034A0044EDAA /* NSNumber+PYExpand.m */; };
		15BFDF091DF5034A0044EDAA /* NSObject+PYExpand.m in Sources */ = {isa = PBXBuildFile; fileRef = 15BFDED71DF5034A0044EDAA /* NSObject+PYExpand.m */; };
		15BFDF0A1DF5034A0044EDAA /* NSString+PYExpand.m in Sources */ = {isa = PBXBuildFile; fileRef = 15BFDED91DF5034A0044EDAA /* NSString+PYExpand.m */; };
		15BFDF0B1DF5034A0044EDAA /* UIColor+PYExpand.m in Sources */ = {isa = PBXBuildFile; fileRef = 15BFDEDB1DF5034A0044EDAA /* UIColor+PYExpand.m */; };
		15BFDF0C1DF5034A0044EDAA /* UIImage+PYExpand.m in Sources */ = {isa = PBXBuildFile; fileRef = 15BFDEDD1DF5034A0044EDAA /* UIImage+PYExpand.m */; };
		15BFDF0D1DF5034A0044EDAA /* UILable+PYExpand.m in Sources */ = {isa = PBXBuildFile; fileRef = 15BFDEDF1DF5034A0044EDAA /* UILable+PYExpand.m */; };
		15BFDF0E1DF5034A0044EDAA /* UIView+PYExpand.m in Sources */ = {isa = PBXBuildFile; fileRef = 15BFDEE11DF5034A0044EDAA /* UIView+PYExpand.m */; };
		15BFDF0F1DF5034A0044EDAA /* EXTScope.m in Sources */ = {isa = PBXBuildFile; fileRef = 15BFDEE41DF5034A0044EDAA /* EXTScope.m */; };
		15BFDF111DF5034A0044EDAA /* PYHook.m in Sources */ = {isa = PBXBuildFile; fileRef = 15BFDEEA1DF5034A0044EDAA /* PYHook.m */; };
		15BFDF121DF5034A0044EDAA /* UIView+Hook.m in Sources */ = {isa = PBXBuildFile; fileRef = 15BFDEEC1DF5034A0044EDAA /* UIView+Hook.m */; };
		15BFDF131DF5034A0044EDAA /* UIViewController+Hook.m in Sources */ = {isa = PBXBuildFile; fileRef = 15BFDEEE1DF5034A0044EDAA /* UIViewController+Hook.m */; };
		15BFDF141DF5034A0044EDAA /* UIViewController+HookOrientation.m in Sources */ = {isa = PBXBuildFile; fileRef = 15BFDEF01DF5034A0044EDAA /* UIViewController+HookOrientation.m */; };
		15BFDF151DF5034A0044EDAA /* UIViewController+HookView.m in Sources */ = {isa = PBXBuildFile; fileRef = 15BFDEF21DF5034A0044EDAA /* UIViewController+HookView.m */; };
		15BFDF1A1DF5034A0044EDAA /* PYKeyboardNotification.m in Sources */ = {isa = PBXBuildFile; fileRef = 15BFDEFE1DF5034A0044EDAA /* PYKeyboardNotification.m */; };
		15C5FAD41DF668A800FF2C75 /* NSArray+PYExpand.m in Sources */ = {isa = PBXBuildFile; fileRef = 15BFDECD1DF5034A0044EDAA /* NSArray+PYExpand.m */; };
		15C5FAD51DF668A800FF2C75 /* NSData+PYExpand.m in Sources */ = {isa = PBXBuildFile; fileRef = 15BFDECF1DF5034A0044EDAA /* NSData+PYExpand.m */; };
		15C5FAD61DF668A800FF2C75 /* NSDate+PYExpand.m in Sources */ = {isa = PBXBuildFile; fileRef = 15BFDED11DF5034A0044EDAA /* NSDate+PYExpand.m */; };
		15C5FAD71DF668A800FF2C75 /* NSDictionary+PYExpand.m in Sources */ = {isa = PBXBuildFile; fileRef = 15BFDED31DF5034A0044EDAA /* NSDictionary+PYExpand.m */; };
		15C5FAD81DF668A800FF2C75 /* NSNumber+PYExpand.m in Sources */ = {isa = PBXBuildFile; fileRef = 15BFDED51DF5034A0044EDAA /* NSNumber+PYExpand.m */; };
		15C5FAD91DF668A800FF2C75 /* NSObject+PYExpand.m in Sources */ = {isa = PBXBuildFile; fileRef = 15BFDED71DF5034A0044EDAA /* NSObject+PYExpand.m */; };
		15C5FADA1DF668A800FF2C75 /* NSString+PYExpand.m in Sources */ = {isa = PBXBuildFile; fileRef = 15BFDED91DF5034A0044EDAA /* NSString+PYExpand.m */; };
		15C5FADB1DF668A800FF2C75 /* UIColor+PYExpand.m in Sources */ = {isa = PBXBuildFile; fileRef = 15BFDEDB1DF5034A0044EDAA /* UIColor+PYExpand.m */; };
		15C5FADC1DF668A800FF2C75 /* UIImage+PYExpand.m in Sources */ = {isa = PBXBuildFile; fileRef = 15BFDEDD1DF5034A0044EDAA /* UIImage+PYExpand.m */; };
		15C5FADD1DF668A800FF2C75 /* UILable+PYExpand.m in Sources */ = {isa = PBXBuildFile; fileRef = 15BFDEDF1DF5034A0044EDAA /* UILable+PYExpand.m */; };
		15C5FADE1DF668A800FF2C75 /* UIView+PYExpand.m in Sources */ = {isa = PBXBuildFile; fileRef = 15BFDEE11DF5034A0044EDAA /* UIView+PYExpand.m */; };
		15C5FADF1DF668A800FF2C75 /* EXTScope.m in Sources */ = {isa = PBXBuildFile; fileRef = 15BFDEE41DF5034A0044EDAA /* EXTScope.m */; };
		15C5FAE01DF668A800FF2C75 /* PYHook.m in Sources */ = {isa = PBXBuildFile; fileRef = 15BFDEEA1DF5034A0044EDAA /* PYHook.m */; };
		15C5FAE21DF668A800FF2C75 /* UIView+Hook.m in Sources */ = {isa = PBXBuildFile; fileRef = 15BFDEEC1DF5034A0044EDAA /* UIView+Hook.m */; };
		15C5FAE31DF668A800FF2C75 /* UIViewController+Hook.m in Sources */ = {isa = PBXBuildFile; fileRef = 15BFDEEE1DF5034A0044EDAA /* UIViewController+Hook.m */; };
		15C5FAE41DF668A800FF2C75 /* UIViewController+HookOrientation.m in Sources */ = {isa = PBXBuildFile; fileRef = 15BFDEF01DF5034A0044EDAA /* UIViewController+HookOrientation.m */; };
		15C5FAE51DF668A800FF2C75 /* UIViewController+HookView.m in Sources */ = {isa = PBXBuildFile; fileRef = 15BFDEF21DF5034A0044EDAA /* UIViewController+HookView.m */; };
		15C5FAE61DF668A800FF2C75 /* PYInvoke.m in Sources */ = {isa = PBXBuildFile; fileRef = 15242A741DF6592400C361E4 /* PYInvoke.m */; };
		15C5FAE71DF668A800FF2C75 /* PYKeyboardNotification.m in Sources */ = {isa = PBXBuildFile; fileRef = 15BFDEFE1DF5034A0044EDAA /* PYKeyboardNotification.m */; };
		15C5FAE81DF668A800FF2C75 /* PYMotionNotification.m in Sources */ = {isa = PBXBuildFile; fileRef = 15242A641DF6580100C361E4 /* PYMotionNotification.m */; };
		15C5FAE91DF668A800FF2C75 /* PYOrientationNotification.m in Sources */ = {isa = PBXBuildFile; fileRef = 15242A661DF6580100C361E4 /* PYOrientationNotification.m */; };
		15C5FAEF1DF668BD00FF2C75 /* NSArray+PYExpand.h in CopyFiles */ = {isa = PBXBuildFile; fileRef = 15BFDECC1DF5034A0044EDAA /* NSArray+PYExpand.h */; };
		15C5FAF01DF668BD00FF2C75 /* NSData+PYExpand.h in CopyFiles */ = {isa = PBXBuildFile; fileRef = 15BFDECE1DF5034A0044EDAA /* NSData+PYExpand.h */; };
		15C5FAF11DF668BD00FF2C75 /* NSDate+PYExpand.h in CopyFiles */ = {isa = PBXBuildFile; fileRef = 15BFDED01DF5034A0044EDAA /* NSDate+PYExpand.h */; };
		15C5FAF21DF668BD00FF2C75 /* NSDictionary+PYExpand.h in CopyFiles */ = {isa = PBXBuildFile; fileRef = 15BFDED21DF5034A0044EDAA /* NSDictionary+PYExpand.h */; };
		15C5FAF31DF668BD00FF2C75 /* NSNumber+PYExpand.h in CopyFiles */ = {isa = PBXBuildFile; fileRef = 15BFDED41DF5034A0044EDAA /* NSNumber+PYExpand.h */; };
		15C5FAF41DF668BD00FF2C75 /* NSObject+PYExpand.h in CopyFiles */ = {isa = PBXBuildFile; fileRef = 15BFDED61DF5034A0044EDAA /* NSObject+PYExpand.h */; };
		15C5FAF51DF668BD00FF2C75 /* NSString+PYExpand.h in CopyFiles */ = {isa = PBXBuildFile; fileRef = 15BFDED81DF5034A0044EDAA /* NSString+PYExpand.h */; };
		15C5FAF61DF668BD00FF2C75 /* UIColor+PYExpand.h in CopyFiles */ = {isa = PBXBuildFile; fileRef = 15BFDEDA1DF5034A0044EDAA /* UIColor+PYExpand.h */; };
		15C5FAF71DF668BD00FF2C75 /* UIImage+PYExpand.h in CopyFiles */ = {isa = PBXBuildFile; fileRef = 15BFDEDC1DF5034A0044EDAA /* UIImage+PYExpand.h */; };
		15C5FAF81DF668BD00FF2C75 /* UILable+PYExpand.h in CopyFiles */ = {isa = PBXBuildFile; fileRef = 15BFDEDE1DF5034A0044EDAA /* UILable+PYExpand.h */; };
		15C5FAF91DF668BD00FF2C75 /* UIView+PYExpand.h in CopyFiles */ = {isa = PBXBuildFile; fileRef = 15BFDEE01DF5034A0044EDAA /* UIView+PYExpand.h */; };
		15C5FAFA1DF668BD00FF2C75 /* EXTScope.h in CopyFiles */ = {isa = PBXBuildFile; fileRef = 15BFDEE31DF5034A0044EDAA /* EXTScope.h */; };
		15C5FAFB1DF668BD00FF2C75 /* metamacros.h in CopyFiles */ = {isa = PBXBuildFile; fileRef = 15BFDEE51DF5034A0044EDAA /* metamacros.h */; };
		15C5FAFC1DF668BD00FF2C75 /* PYHook.h in CopyFiles */ = {isa = PBXBuildFile; fileRef = 15BFDEE91DF5034A0044EDAA /* PYHook.h */; };
		15C5FAFE1DF668BD00FF2C75 /* UIView+Hook.h in CopyFiles */ = {isa = PBXBuildFile; fileRef = 15BFDEEB1DF5034A0044EDAA /* UIView+Hook.h */; };
		15C5FAFF1DF668BD00FF2C75 /* UIViewController+Hook.h in CopyFiles */ = {isa = PBXBuildFile; fileRef = 15BFDEED1DF5034A0044EDAA /* UIViewController+Hook.h */; };
		15C5FB001DF668BD00FF2C75 /* UIViewController+HookOrientation.h in CopyFiles */ = {isa = PBXBuildFile; fileRef = 15BFDEEF1DF5034A0044EDAA /* UIViewController+HookOrientation.h */; };
		15C5FB011DF668BD00FF2C75 /* UIViewController+HookView.h in CopyFiles */ = {isa = PBXBuildFile; fileRef = 15BFDEF11DF5034A0044EDAA /* UIViewController+HookView.h */; };
		15C5FB021DF668BD00FF2C75 /* PYInvoke.h in CopyFiles */ = {isa = PBXBuildFile; fileRef = 15242A731DF6592400C361E4 /* PYInvoke.h */; };
		15C5FB031DF668BD00FF2C75 /* PYKeyboardNotification.h in CopyFiles */ = {isa = PBXBuildFile; fileRef = 15BFDEFD1DF5034A0044EDAA /* PYKeyboardNotification.h */; };
		15C5FB041DF668BD00FF2C75 /* PYMotionNotification.h in CopyFiles */ = {isa = PBXBuildFile; fileRef = 15242A631DF6580100C361E4 /* PYMotionNotification.h */; };
		15C5FB051DF668BD00FF2C75 /* PYOrientationNotification.h in CopyFiles */ = {isa = PBXBuildFile; fileRef = 15242A651DF6580100C361E4 /* PYOrientationNotification.h */; };
		15C5FB091DF668C600FF2C75 /* pyutilea.h in CopyFiles */ = {isa = PBXBuildFile; fileRef = 15C5FACB1DF6688600FF2C75 /* pyutilea.h */; };
		15C5FB2D1DF66A7900FF2C75 /* PYViewAutolayoutCenter.m in Sources */ = {isa = PBXBuildFile; fileRef = 15C5FB2C1DF66A7900FF2C75 /* PYViewAutolayoutCenter.m */; };
		15C5FB2E1DF66A8300FF2C75 /* PYViewAutolayoutCenter.m in Sources */ = {isa = PBXBuildFile; fileRef = 15C5FB2C1DF66A7900FF2C75 /* PYViewAutolayoutCenter.m */; };
		15C5FB2F1DF66A8B00FF2C75 /* PYViewAutolayoutCenter.h in CopyFiles */ = {isa = PBXBuildFile; fileRef = 15C5FB2B1DF66A7900FF2C75 /* PYViewAutolayoutCenter.h */; };
		15C5FB351DF66C3B00FF2C75 /* PYGraphicsDraw.m in Sources */ = {isa = PBXBuildFile; fileRef = 15C5FB321DF66C3B00FF2C75 /* PYGraphicsDraw.m */; };
		15C5FB361DF66C3B00FF2C75 /* PYGraphicsThumb.m in Sources */ = {isa = PBXBuildFile; fileRef = 15C5FB341DF66C3B00FF2C75 /* PYGraphicsThumb.m */; };
		15C5FB371DF66C4800FF2C75 /* PYGraphicsDraw.h in CopyFiles */ = {isa = PBXBuildFile; fileRef = 15C5FB311DF66C3B00FF2C75 /* PYGraphicsDraw.h */; };
		15C5FB381DF66C4800FF2C75 /* PYGraphicsThumb.h in CopyFiles */ = {isa = PBXBuildFile; fileRef = 15C5FB331DF66C3B00FF2C75 /* PYGraphicsThumb.h */; };
		15C5FB391DF66C5200FF2C75 /* PYGraphicsDraw.m in Sources */ = {isa = PBXBuildFile; fileRef = 15C5FB321DF66C3B00FF2C75 /* PYGraphicsDraw.m */; };
		15C5FB3A1DF66C5200FF2C75 /* PYGraphicsThumb.m in Sources */ = {isa = PBXBuildFile; fileRef = 15C5FB341DF66C3B00FF2C75 /* PYGraphicsThumb.m */; };
		15CCFD6424D95F87008BBE8F /* UIView+PYAutolayout.m in Sources */ = {isa = PBXBuildFile; fileRef = 15CCFD6224D95F86008BBE8F /* UIView+PYAutolayout.m */; };
		15CECCA7228BAE6C008173E0 /* NSObject+Hook.m in Sources */ = {isa = PBXBuildFile; fileRef = 15CECCA6228BAE6C008173E0 /* NSObject+Hook.m */; };
		15CECCA8228BB6D2008173E0 /* NSObject+Hook.h in CopyFiles */ = {isa = PBXBuildFile; fileRef = 15CECCA5228BAE6C008173E0 /* NSObject+Hook.h */; };
		15CECCA9228BB6F2008173E0 /* NSObject+Hook.m in Sources */ = {isa = PBXBuildFile; fileRef = 15CECCA6228BAE6C008173E0 /* NSObject+Hook.m */; };
		15D14DD52611CDB600529822 /* UIView+PYLayoutGetSet.m in Sources */ = {isa = PBXBuildFile; fileRef = 15D14DD42611CDB600529822 /* UIView+PYLayoutGetSet.m */; };
		15D3955C24DB050F005F8F06 /* NSArray+PYAutolayout.m in Sources */ = {isa = PBXBuildFile; fileRef = 15D3955B24DB050F005F8F06 /* NSArray+PYAutolayout.m */; };
		15DB05B824DA4AEA00EF5CE4 /* PYConstraintMaker.m in Sources */ = {isa = PBXBuildFile; fileRef = 15DB05B724DA4AEA00EF5CE4 /* PYConstraintMaker.m */; };
		15DB05C024DA820D00EF5CE4 /* PYConstraintMaker.m in Sources */ = {isa = PBXBuildFile; fileRef = 15DB05B724DA4AEA00EF5CE4 /* PYConstraintMaker.m */; };
		15DB05C124DA821800EF5CE4 /* PYAutolayoutUtilites.h in CopyFiles */ = {isa = PBXBuildFile; fileRef = 15FB8C2B24DA48AF005F0F8D /* PYAutolayoutUtilites.h */; };
		15DB05C224DA821800EF5CE4 /* PYConstraintMaker.h in CopyFiles */ = {isa = PBXBuildFile; fileRef = 15DB05B624DA4AEA00EF5CE4 /* PYConstraintMaker.h */; };
		15DB17201DF687AB00182429 /* py_hook_encode_type.c in Sources */ = {isa = PBXBuildFile; fileRef = 15DB171E1DF687AB00182429 /* py_hook_encode_type.c */; };
		15DB17431DF6935700182429 /* py_hook_encode_type.c in Sources */ = {isa = PBXBuildFile; fileRef = 15DB171E1DF687AB00182429 /* py_hook_encode_type.c */; };
		15E4FB04221021BA001EBCAF /* py_data_function.c in Sources */ = {isa = PBXBuildFile; fileRef = 15E4FB03221021BA001EBCAF /* py_data_function.c */; };
		15E4FB0522102522001EBCAF /* py_data_function.c in Sources */ = {isa = PBXBuildFile; fileRef = 15E4FB03221021BA001EBCAF /* py_data_function.c */; };
		15FA7FC6227EB327007C484E /* PYUncaughtExceptionHandler.m in Sources */ = {isa = PBXBuildFile; fileRef = 15FA7FC0227EB327007C484E /* PYUncaughtExceptionHandler.m */; };
		15FA7FC7227EB327007C484E /* PYUtile.m in Sources */ = {isa = PBXBuildFile; fileRef = 15FA7FC3227EB327007C484E /* PYUtile.m */; };
		15FA7FD3227EB357007C484E /* NSObject+PYCopy.m in Sources */ = {isa = PBXBuildFile; fileRef = 15FA7FCE227EB357007C484E /* NSObject+PYCopy.m */; };
		15FA7FD4227EB357007C484E /* NSObject+PYDictionary.m in Sources */ = {isa = PBXBuildFile; fileRef = 15FA7FD0227EB357007C484E /* NSObject+PYDictionary.m */; };
		15FA7FD5227EB357007C484E /* NSObject+PYForm.m in Sources */ = {isa = PBXBuildFile; fileRef = 15FA7FD2227EB357007C484E /* NSObject+PYForm.m */; };
		15FA7FD6227EB375007C484E /* PYUncaughtExceptionHandler.m in Sources */ = {isa = PBXBuildFile; fileRef = 15FA7FC0227EB327007C484E /* PYUncaughtExceptionHandler.m */; };
		15FA7FD7227EB375007C484E /* PYUtile.m in Sources */ = {isa = PBXBuildFile; fileRef = 15FA7FC3227EB327007C484E /* PYUtile.m */; };
		15FA7FD8227EB375007C484E /* NSObject+PYCopy.m in Sources */ = {isa = PBXBuildFile; fileRef = 15FA7FCE227EB357007C484E /* NSObject+PYCopy.m */; };
		15FA7FD9227EB375007C484E /* NSObject+PYDictionary.m in Sources */ = {isa = PBXBuildFile; fileRef = 15FA7FD0227EB357007C484E /* NSObject+PYDictionary.m */; };
		15FA7FDA227EB375007C484E /* NSObject+PYForm.m in Sources */ = {isa = PBXBuildFile; fileRef = 15FA7FD2227EB357007C484E /* NSObject+PYForm.m */; };
		15FA7FDB227EB389007C484E /* PYUncaughtExceptionHandler.h in CopyFiles */ = {isa = PBXBuildFile; fileRef = 15FA7FC5227EB327007C484E /* PYUncaughtExceptionHandler.h */; };
		15FA7FDC227EB389007C484E /* PYUtile.h in CopyFiles */ = {isa = PBXBuildFile; fileRef = 15FA7FC2227EB327007C484E /* PYUtile.h */; };
		15FA7FDD227EB389007C484E /* PYUtileMacro.h in CopyFiles */ = {isa = PBXBuildFile; fileRef = 15FA7FC4227EB327007C484E /* PYUtileMacro.h */; };
		15FB8C2924D9B472005F0F8D /* UIView+PYAutolayout.m in Sources */ = {isa = PBXBuildFile; fileRef = 15CCFD6224D95F86008BBE8F /* UIView+PYAutolayout.m */; };
		15FB8C2A24D9B47E005F0F8D /* UIView+PYAutolayout.h in CopyFiles */ = {isa = PBXBuildFile; fileRef = 15CCFD6324D95F86008BBE8F /* UIView+PYAutolayout.h */; };
		15FCA4EA239654CE008E4E96 /* UIButton+PYExpand.m in Sources */ = {isa = PBXBuildFile; fileRef = 15FCA4E9239654CE008E4E96 /* UIButton+PYExpand.m */; };
		15FCA4EB239656E0008E4E96 /* UIButton+PYExpand.m in Sources */ = {isa = PBXBuildFile; fileRef = 15FCA4E9239654CE008E4E96 /* UIButton+PYExpand.m */; };
		15FCA4EC239656EF008E4E96 /* UIButton+PYExpand.h in CopyFiles */ = {isa = PBXBuildFile; fileRef = 15FCA4E8239654CD008E4E96 /* UIButton+PYExpand.h */; };
/* End PBXBuildFile section */

/* Begin PBXCopyFilesBuildPhase section */
		15242A831DF65ABB00C361E4 /* Embed Frameworks */ = {
			isa = PBXCopyFilesBuildPhase;
			buildActionMask = 2147483647;
			dstPath = "";
			dstSubfolderSpec = 10;
			files = (
			);
			name = "Embed Frameworks";
			runOnlyForDeploymentPostprocessing = 0;
		};
		15C5FAC71DF6688600FF2C75 /* CopyFiles */ = {
			isa = PBXCopyFilesBuildPhase;
			buildActionMask = 2147483647;
			dstPath = "$(PRODUCT_NAME)";
			dstSubfolderSpec = 16;
			files = (
				15DB05C124DA821800EF5CE4 /* PYAutolayoutUtilites.h in CopyFiles */,
				15DB05C224DA821800EF5CE4 /* PYConstraintMaker.h in CopyFiles */,
				15FB8C2A24D9B47E005F0F8D /* UIView+PYAutolayout.h in CopyFiles */,
				15FCA4EC239656EF008E4E96 /* UIButton+PYExpand.h in CopyFiles */,
				15B11B242322171F00CB11FF /* PYKeychain.h in CopyFiles */,
				15C5FAF41DF668BD00FF2C75 /* NSObject+PYExpand.h in CopyFiles */,
				15CECCA8228BB6D2008173E0 /* NSObject+Hook.h in CopyFiles */,
				15FA7FDB227EB389007C484E /* PYUncaughtExceptionHandler.h in CopyFiles */,
				15FA7FDC227EB389007C484E /* PYUtile.h in CopyFiles */,
				15FA7FDD227EB389007C484E /* PYUtileMacro.h in CopyFiles */,
				15799F9C1F99DB62001A7276 /* PYXml.h in CopyFiles */,
				1583E1591DFA9FAC00AD48EA /* UIResponder+Hook.h in CopyFiles */,
				15C5FB371DF66C4800FF2C75 /* PYGraphicsDraw.h in CopyFiles */,
				15C5FB381DF66C4800FF2C75 /* PYGraphicsThumb.h in CopyFiles */,
				15C5FB2F1DF66A8B00FF2C75 /* PYViewAutolayoutCenter.h in CopyFiles */,
				15C5FB091DF668C600FF2C75 /* pyutilea.h in CopyFiles */,
				15C5FAEF1DF668BD00FF2C75 /* NSArray+PYExpand.h in CopyFiles */,
				15C5FAF01DF668BD00FF2C75 /* NSData+PYExpand.h in CopyFiles */,
				15C5FAF11DF668BD00FF2C75 /* NSDate+PYExpand.h in CopyFiles */,
				15C5FAF21DF668BD00FF2C75 /* NSDictionary+PYExpand.h in CopyFiles */,
				15C5FAF31DF668BD00FF2C75 /* NSNumber+PYExpand.h in CopyFiles */,
				15C5FAF51DF668BD00FF2C75 /* NSString+PYExpand.h in CopyFiles */,
				15C5FAF61DF668BD00FF2C75 /* UIColor+PYExpand.h in CopyFiles */,
				15C5FAF71DF668BD00FF2C75 /* UIImage+PYExpand.h in CopyFiles */,
				15C5FAF81DF668BD00FF2C75 /* UILable+PYExpand.h in CopyFiles */,
				15C5FAF91DF668BD00FF2C75 /* UIView+PYExpand.h in CopyFiles */,
				15C5FAFA1DF668BD00FF2C75 /* EXTScope.h in CopyFiles */,
				15C5FAFB1DF668BD00FF2C75 /* metamacros.h in CopyFiles */,
				15C5FAFC1DF668BD00FF2C75 /* PYHook.h in CopyFiles */,
				15C5FAFE1DF668BD00FF2C75 /* UIView+Hook.h in CopyFiles */,
				15C5FAFF1DF668BD00FF2C75 /* UIViewController+Hook.h in CopyFiles */,
				15C5FB001DF668BD00FF2C75 /* UIViewController+HookOrientation.h in CopyFiles */,
				15C5FB011DF668BD00FF2C75 /* UIViewController+HookView.h in CopyFiles */,
				15C5FB021DF668BD00FF2C75 /* PYInvoke.h in CopyFiles */,
				15C5FB031DF668BD00FF2C75 /* PYKeyboardNotification.h in CopyFiles */,
				15C5FB041DF668BD00FF2C75 /* PYMotionNotification.h in CopyFiles */,
				15C5FB051DF668BD00FF2C75 /* PYOrientationNotification.h in CopyFiles */,
			);
			runOnlyForDeploymentPostprocessing = 0;
		};
/* End PBXCopyFilesBuildPhase section */

/* Begin PBXFileReference section */
		15185D252269CA610009CD7A /* PYObjectCopy.h */ = {isa = PBXFileReference; lastKnownFileType = sourcecode.c.h; path = PYObjectCopy.h; sourceTree = "<group>"; };
		15185D262269CA610009CD7A /* PYObjectCopy.m */ = {isa = PBXFileReference; lastKnownFileType = sourcecode.c.objc; path = PYObjectCopy.m; sourceTree = "<group>"; };
		15242A631DF6580100C361E4 /* PYMotionNotification.h */ = {isa = PBXFileReference; fileEncoding = 4; lastKnownFileType = sourcecode.c.h; path = PYMotionNotification.h; sourceTree = "<group>"; };
		15242A641DF6580100C361E4 /* PYMotionNotification.m */ = {isa = PBXFileReference; fileEncoding = 4; lastKnownFileType = sourcecode.c.objc; path = PYMotionNotification.m; sourceTree = "<group>"; };
		15242A651DF6580100C361E4 /* PYOrientationNotification.h */ = {isa = PBXFileReference; fileEncoding = 4; lastKnownFileType = sourcecode.c.h; path = PYOrientationNotification.h; sourceTree = "<group>"; };
		15242A661DF6580100C361E4 /* PYOrientationNotification.m */ = {isa = PBXFileReference; fileEncoding = 4; lastKnownFileType = sourcecode.c.objc; path = PYOrientationNotification.m; sourceTree = "<group>"; };
		15242A731DF6592400C361E4 /* PYInvoke.h */ = {isa = PBXFileReference; fileEncoding = 4; lastKnownFileType = sourcecode.c.h; path = PYInvoke.h; sourceTree = "<group>"; };
		15242A741DF6592400C361E4 /* PYInvoke.m */ = {isa = PBXFileReference; fileEncoding = 4; lastKnownFileType = sourcecode.c.objc; path = PYInvoke.m; sourceTree = "<group>"; };
		1527234426097DCD0067CA81 /* Location.gpx */ = {isa = PBXFileReference; lastKnownFileType = text.xml; path = Location.gpx; sourceTree = "<group>"; };
		153B97741F1DE566000F007C /* PYXml.h */ = {isa = PBXFileReference; fileEncoding = 4; lastKnownFileType = sourcecode.c.h; path = PYXml.h; sourceTree = "<group>"; };
		153B97751F1DE566000F007C /* PYXml.m */ = {isa = PBXFileReference; fileEncoding = 4; lastKnownFileType = sourcecode.c.objc; path = PYXml.m; sourceTree = "<group>"; };
		15422DB821E5B4A30038D09E /* PYArchiveParse.h */ = {isa = PBXFileReference; lastKnownFileType = sourcecode.c.h; path = PYArchiveParse.h; sourceTree = "<group>"; };
		15422DB921E5B4A30038D09E /* PYArchiveParse.m */ = {isa = PBXFileReference; lastKnownFileType = sourcecode.c.objc; path = PYArchiveParse.m; sourceTree = "<group>"; };
		15422DBD21E5C9680038D09E /* PYArchiveObject.m */ = {isa = PBXFileReference; lastKnownFileType = sourcecode.c.objc; path = PYArchiveObject.m; sourceTree = "<group>"; };
		15422DBF21E5FA490038D09E /* PYParseDictionary.h */ = {isa = PBXFileReference; lastKnownFileType = sourcecode.c.h; path = PYParseDictionary.h; sourceTree = "<group>"; };
		15422DC021E5FA490038D09E /* PYParseDictionary.m */ = {isa = PBXFileReference; lastKnownFileType = sourcecode.c.objc; path = PYParseDictionary.m; sourceTree = "<group>"; };
		15422DC221E601370038D09E /* PYArchiveObject.h */ = {isa = PBXFileReference; lastKnownFileType = sourcecode.c.h; path = PYArchiveObject.h; sourceTree = "<group>"; };
		155172D52619BD4F00DB8996 /* UIView+PYLayoutGet.h */ = {isa = PBXFileReference; lastKnownFileType = sourcecode.c.h; path = "UIView+PYLayoutGet.h"; sourceTree = "<group>"; };
		155172D62619BD4F00DB8996 /* UIView+PYLayoutGet.m */ = {isa = PBXFileReference; lastKnownFileType = sourcecode.c.objc; path = "UIView+PYLayoutGet.m"; sourceTree = "<group>"; };
		155172D82619BE7100DB8996 /* UIView+PYLayoutRemove.h */ = {isa = PBXFileReference; lastKnownFileType = sourcecode.c.h; path = "UIView+PYLayoutRemove.h"; sourceTree = "<group>"; };
		155172D92619BE7100DB8996 /* UIView+PYLayoutRemove.m */ = {isa = PBXFileReference; lastKnownFileType = sourcecode.c.objc; path = "UIView+PYLayoutRemove.m"; sourceTree = "<group>"; };
		1583E1551DFA9F7000AD48EA /* UIResponder+Hook.h */ = {isa = PBXFileReference; fileEncoding = 4; lastKnownFileType = sourcecode.c.h; path = "UIResponder+Hook.h"; sourceTree = "<group>"; };
		1583E1561DFA9F7000AD48EA /* UIResponder+Hook.m */ = {isa = PBXFileReference; fileEncoding = 4; lastKnownFileType = sourcecode.c.objc; path = "UIResponder+Hook.m"; sourceTree = "<group>"; };
		159F23F823978F9900C95278 /* UIResponder+PYKeyboard.h */ = {isa = PBXFileReference; lastKnownFileType = sourcecode.c.h; path = "UIResponder+PYKeyboard.h"; sourceTree = "<group>"; };
		159F23F923978F9900C95278 /* UIResponder+PYKeyboard.m */ = {isa = PBXFileReference; lastKnownFileType = sourcecode.c.objc; path = "UIResponder+PYKeyboard.m"; sourceTree = "<group>"; };
		159F23FB23978FDE00C95278 /* PYKeyboardNotifyPointerContext.h */ = {isa = PBXFileReference; lastKnownFileType = sourcecode.c.h; path = PYKeyboardNotifyPointerContext.h; sourceTree = "<group>"; };
		159F23FC23978FDE00C95278 /* PYKeyboardNotifyPointerContext.m */ = {isa = PBXFileReference; lastKnownFileType = sourcecode.c.objc; path = PYKeyboardNotifyPointerContext.m; sourceTree = "<group>"; };
		159F24012397908D00C95278 /* PYKeyboardNotificationObject.h */ = {isa = PBXFileReference; lastKnownFileType = sourcecode.c.h; path = PYKeyboardNotificationObject.h; sourceTree = "<group>"; };
		159F24022397908D00C95278 /* PYKeyboardNotificationObject.m */ = {isa = PBXFileReference; lastKnownFileType = sourcecode.c.objc; path = PYKeyboardNotificationObject.m; sourceTree = "<group>"; };
		15B11B21232216D000CB11FF /* PYKeychain.m */ = {isa = PBXFileReference; fileEncoding = 4; lastKnownFileType = sourcecode.c.objc; path = PYKeychain.m; sourceTree = "<group>"; };
		15B11B22232216D000CB11FF /* PYKeychain.h */ = {isa = PBXFileReference; fileEncoding = 4; lastKnownFileType = sourcecode.c.h; path = PYKeychain.h; sourceTree = "<group>"; };
		15B13E2522927AC20063AA74 /* NSObject+__PYHook_Private.h */ = {isa = PBXFileReference; lastKnownFileType = sourcecode.c.h; path = "NSObject+__PYHook_Private.h"; sourceTree = "<group>"; };
		15B13E2622927AC20063AA74 /* NSObject+__PYHook_Private.m */ = {isa = PBXFileReference; lastKnownFileType = sourcecode.c.objc; path = "NSObject+__PYHook_Private.m"; sourceTree = "<group>"; };
		15B13E362293E5330063AA74 /* NSString+__PY_Match.h */ = {isa = PBXFileReference; lastKnownFileType = sourcecode.c.h; path = "NSString+__PY_Match.h"; sourceTree = "<group>"; };
		15B13E372293E5330063AA74 /* NSString+__PY_Match.m */ = {isa = PBXFileReference; lastKnownFileType = sourcecode.c.objc; path = "NSString+__PY_Match.m"; sourceTree = "<group>"; };
		15BFDEAB1DF4FFF20044EDAA /* PYUtile.app */ = {isa = PBXFileReference; explicitFileType = wrapper.application; includeInIndex = 0; path = PYUtile.app; sourceTree = BUILT_PRODUCTS_DIR; };
		15BFDEAF1DF4FFF20044EDAA /* main.m */ = {isa = PBXFileReference; lastKnownFileType = sourcecode.c.objc; path = main.m; sourceTree = "<group>"; };
		15BFDEB11DF4FFF20044EDAA /* AppDelegate.h */ = {isa = PBXFileReference; lastKnownFileType = sourcecode.c.h; path = AppDelegate.h; sourceTree = "<group>"; };
		15BFDEB21DF4FFF20044EDAA /* AppDelegate.m */ = {isa = PBXFileReference; lastKnownFileType = sourcecode.c.objc; path = AppDelegate.m; sourceTree = "<group>"; };
		15BFDEB41DF4FFF20044EDAA /* ViewController.h */ = {isa = PBXFileReference; lastKnownFileType = sourcecode.c.h; path = ViewController.h; sourceTree = "<group>"; };
		15BFDEB51DF4FFF20044EDAA /* ViewController.m */ = {isa = PBXFileReference; lastKnownFileType = sourcecode.c.objc; path = ViewController.m; sourceTree = "<group>"; };
		15BFDEB81DF4FFF20044EDAA /* Base */ = {isa = PBXFileReference; lastKnownFileType = file.storyboard; name = Base; path = Base.lproj/Main.storyboard; sourceTree = "<group>"; };
		15BFDEBA1DF4FFF20044EDAA /* Assets.xcassets */ = {isa = PBXFileReference; lastKnownFileType = folder.assetcatalog; path = Assets.xcassets; sourceTree = "<group>"; };
		15BFDEBD1DF4FFF20044EDAA /* Base */ = {isa = PBXFileReference; lastKnownFileType = file.storyboard; name = Base; path = Base.lproj/LaunchScreen.storyboard; sourceTree = "<group>"; };
		15BFDEBF1DF4FFF20044EDAA /* Info.plist */ = {isa = PBXFileReference; lastKnownFileType = text.plist.xml; path = Info.plist; sourceTree = "<group>"; };
		15BFDECC1DF5034A0044EDAA /* NSArray+PYExpand.h */ = {isa = PBXFileReference; fileEncoding = 4; lastKnownFileType = sourcecode.c.h; path = "NSArray+PYExpand.h"; sourceTree = "<group>"; };
		15BFDECD1DF5034A0044EDAA /* NSArray+PYExpand.m */ = {isa = PBXFileReference; fileEncoding = 4; lastKnownFileType = sourcecode.c.objc; path = "NSArray+PYExpand.m"; sourceTree = "<group>"; };
		15BFDECE1DF5034A0044EDAA /* NSData+PYExpand.h */ = {isa = PBXFileReference; fileEncoding = 4; lastKnownFileType = sourcecode.c.h; path = "NSData+PYExpand.h"; sourceTree = "<group>"; };
		15BFDECF1DF5034A0044EDAA /* NSData+PYExpand.m */ = {isa = PBXFileReference; fileEncoding = 4; lastKnownFileType = sourcecode.c.objc; path = "NSData+PYExpand.m"; sourceTree = "<group>"; };
		15BFDED01DF5034A0044EDAA /* NSDate+PYExpand.h */ = {isa = PBXFileReference; fileEncoding = 4; lastKnownFileType = sourcecode.c.h; path = "NSDate+PYExpand.h"; sourceTree = "<group>"; };
		15BFDED11DF5034A0044EDAA /* NSDate+PYExpand.m */ = {isa = PBXFileReference; fileEncoding = 4; lastKnownFileType = sourcecode.c.objc; path = "NSDate+PYExpand.m"; sourceTree = "<group>"; };
		15BFDED21DF5034A0044EDAA /* NSDictionary+PYExpand.h */ = {isa = PBXFileReference; fileEncoding = 4; lastKnownFileType = sourcecode.c.h; path = "NSDictionary+PYExpand.h"; sourceTree = "<group>"; };
		15BFDED31DF5034A0044EDAA /* NSDictionary+PYExpand.m */ = {isa = PBXFileReference; fileEncoding = 4; lastKnownFileType = sourcecode.c.objc; path = "NSDictionary+PYExpand.m"; sourceTree = "<group>"; };
		15BFDED41DF5034A0044EDAA /* NSNumber+PYExpand.h */ = {isa = PBXFileReference; fileEncoding = 4; lastKnownFileType = sourcecode.c.h; path = "NSNumber+PYExpand.h"; sourceTree = "<group>"; };
		15BFDED51DF5034A0044EDAA /* NSNumber+PYExpand.m */ = {isa = PBXFileReference; fileEncoding = 4; lastKnownFileType = sourcecode.c.objc; path = "NSNumber+PYExpand.m"; sourceTree = "<group>"; };
		15BFDED61DF5034A0044EDAA /* NSObject+PYExpand.h */ = {isa = PBXFileReference; fileEncoding = 4; lastKnownFileType = sourcecode.c.h; path = "NSObject+PYExpand.h"; sourceTree = "<group>"; };
		15BFDED71DF5034A0044EDAA /* NSObject+PYExpand.m */ = {isa = PBXFileReference; fileEncoding = 4; lastKnownFileType = sourcecode.c.objc; path = "NSObject+PYExpand.m"; sourceTree = "<group>"; };
		15BFDED81DF5034A0044EDAA /* NSString+PYExpand.h */ = {isa = PBXFileReference; fileEncoding = 4; lastKnownFileType = sourcecode.c.h; path = "NSString+PYExpand.h"; sourceTree = "<group>"; };
		15BFDED91DF5034A0044EDAA /* NSString+PYExpand.m */ = {isa = PBXFileReference; fileEncoding = 4; lastKnownFileType = sourcecode.c.objc; path = "NSString+PYExpand.m"; sourceTree = "<group>"; };
		15BFDEDA1DF5034A0044EDAA /* UIColor+PYExpand.h */ = {isa = PBXFileReference; fileEncoding = 4; lastKnownFileType = sourcecode.c.h; path = "UIColor+PYExpand.h"; sourceTree = "<group>"; };
		15BFDEDB1DF5034A0044EDAA /* UIColor+PYExpand.m */ = {isa = PBXFileReference; fileEncoding = 4; lastKnownFileType = sourcecode.c.objc; path = "UIColor+PYExpand.m"; sourceTree = "<group>"; };
		15BFDEDC1DF5034A0044EDAA /* UIImage+PYExpand.h */ = {isa = PBXFileReference; fileEncoding = 4; lastKnownFileType = sourcecode.c.h; path = "UIImage+PYExpand.h"; sourceTree = "<group>"; };
		15BFDEDD1DF5034A0044EDAA /* UIImage+PYExpand.m */ = {isa = PBXFileReference; fileEncoding = 4; lastKnownFileType = sourcecode.c.objc; path = "UIImage+PYExpand.m"; sourceTree = "<group>"; };
		15BFDEDE1DF5034A0044EDAA /* UILable+PYExpand.h */ = {isa = PBXFileReference; fileEncoding = 4; lastKnownFileType = sourcecode.c.h; path = "UILable+PYExpand.h"; sourceTree = "<group>"; };
		15BFDEDF1DF5034A0044EDAA /* UILable+PYExpand.m */ = {isa = PBXFileReference; fileEncoding = 4; lastKnownFileType = sourcecode.c.objc; path = "UILable+PYExpand.m"; sourceTree = "<group>"; };
		15BFDEE01DF5034A0044EDAA /* UIView+PYExpand.h */ = {isa = PBXFileReference; fileEncoding = 4; lastKnownFileType = sourcecode.c.h; path = "UIView+PYExpand.h"; sourceTree = "<group>"; };
		15BFDEE11DF5034A0044EDAA /* UIView+PYExpand.m */ = {isa = PBXFileReference; fileEncoding = 4; lastKnownFileType = sourcecode.c.objc; path = "UIView+PYExpand.m"; sourceTree = "<group>"; };
		15BFDEE31DF5034A0044EDAA /* EXTScope.h */ = {isa = PBXFileReference; fileEncoding = 4; lastKnownFileType = sourcecode.c.h; path = EXTScope.h; sourceTree = "<group>"; };
		15BFDEE41DF5034A0044EDAA /* EXTScope.m */ = {isa = PBXFileReference; fileEncoding = 4; lastKnownFileType = sourcecode.c.objc; path = EXTScope.m; sourceTree = "<group>"; };
		15BFDEE51DF5034A0044EDAA /* metamacros.h */ = {isa = PBXFileReference; fileEncoding = 4; lastKnownFileType = sourcecode.c.h; path = metamacros.h; sourceTree = "<group>"; };
		15BFDEE91DF5034A0044EDAA /* PYHook.h */ = {isa = PBXFileReference; fileEncoding = 4; lastKnownFileType = sourcecode.c.h; path = PYHook.h; sourceTree = "<group>"; };
		15BFDEEA1DF5034A0044EDAA /* PYHook.m */ = {isa = PBXFileReference; fileEncoding = 4; lastKnownFileType = sourcecode.c.objc; path = PYHook.m; sourceTree = "<group>"; };
		15BFDEEB1DF5034A0044EDAA /* UIView+Hook.h */ = {isa = PBXFileReference; fileEncoding = 4; lastKnownFileType = sourcecode.c.h; path = "UIView+Hook.h"; sourceTree = "<group>"; };
		15BFDEEC1DF5034A0044EDAA /* UIView+Hook.m */ = {isa = PBXFileReference; fileEncoding = 4; lastKnownFileType = sourcecode.c.objc; path = "UIView+Hook.m"; sourceTree = "<group>"; };
		15BFDEED1DF5034A0044EDAA /* UIViewController+Hook.h */ = {isa = PBXFileReference; fileEncoding = 4; lastKnownFileType = sourcecode.c.h; path = "UIViewController+Hook.h"; sourceTree = "<group>"; };
		15BFDEEE1DF5034A0044EDAA /* UIViewController+Hook.m */ = {isa = PBXFileReference; fileEncoding = 4; lastKnownFileType = sourcecode.c.objc; path = "UIViewController+Hook.m"; sourceTree = "<group>"; };
		15BFDEEF1DF5034A0044EDAA /* UIViewController+HookOrientation.h */ = {isa = PBXFileReference; fileEncoding = 4; lastKnownFileType = sourcecode.c.h; path = "UIViewController+HookOrientation.h"; sourceTree = "<group>"; };
		15BFDEF01DF5034A0044EDAA /* UIViewController+HookOrientation.m */ = {isa = PBXFileReference; fileEncoding = 4; lastKnownFileType = sourcecode.c.objc; path = "UIViewController+HookOrientation.m"; sourceTree = "<group>"; };
		15BFDEF11DF5034A0044EDAA /* UIViewController+HookView.h */ = {isa = PBXFileReference; fileEncoding = 4; lastKnownFileType = sourcecode.c.h; path = "UIViewController+HookView.h"; sourceTree = "<group>"; };
		15BFDEF21DF5034A0044EDAA /* UIViewController+HookView.m */ = {isa = PBXFileReference; fileEncoding = 4; lastKnownFileType = sourcecode.c.objc; path = "UIViewController+HookView.m"; sourceTree = "<group>"; };
		15BFDEFD1DF5034A0044EDAA /* PYKeyboardNotification.h */ = {isa = PBXFileReference; fileEncoding = 4; lastKnownFileType = sourcecode.c.h; path = PYKeyboardNotification.h; sourceTree = "<group>"; };
		15BFDEFE1DF5034A0044EDAA /* PYKeyboardNotification.m */ = {isa = PBXFileReference; fileEncoding = 4; lastKnownFileType = sourcecode.c.objc; path = PYKeyboardNotification.m; sourceTree = "<group>"; };
		15C5FAC91DF6688600FF2C75 /* libpyutilea.a */ = {isa = PBXFileReference; explicitFileType = archive.ar; includeInIndex = 0; path = libpyutilea.a; sourceTree = BUILT_PRODUCTS_DIR; };
		15C5FACB1DF6688600FF2C75 /* pyutilea.h */ = {isa = PBXFileReference; lastKnownFileType = sourcecode.c.h; path = pyutilea.h; sourceTree = "<group>"; };
		15C5FB2B1DF66A7900FF2C75 /* PYViewAutolayoutCenter.h */ = {isa = PBXFileReference; fileEncoding = 4; lastKnownFileType = sourcecode.c.h; path = PYViewAutolayoutCenter.h; sourceTree = "<group>"; };
		15C5FB2C1DF66A7900FF2C75 /* PYViewAutolayoutCenter.m */ = {isa = PBXFileReference; fileEncoding = 4; lastKnownFileType = sourcecode.c.objc; path = PYViewAutolayoutCenter.m; sourceTree = "<group>"; };
		15C5FB311DF66C3B00FF2C75 /* PYGraphicsDraw.h */ = {isa = PBXFileReference; fileEncoding = 4; lastKnownFileType = sourcecode.c.h; path = PYGraphicsDraw.h; sourceTree = "<group>"; };
		15C5FB321DF66C3B00FF2C75 /* PYGraphicsDraw.m */ = {isa = PBXFileReference; fileEncoding = 4; lastKnownFileType = sourcecode.c.objc; path = PYGraphicsDraw.m; sourceTree = "<group>"; };
		15C5FB331DF66C3B00FF2C75 /* PYGraphicsThumb.h */ = {isa = PBXFileReference; fileEncoding = 4; lastKnownFileType = sourcecode.c.h; path = PYGraphicsThumb.h; sourceTree = "<group>"; };
		15C5FB341DF66C3B00FF2C75 /* PYGraphicsThumb.m */ = {isa = PBXFileReference; fileEncoding = 4; lastKnownFileType = sourcecode.c.objc; path = PYGraphicsThumb.m; sourceTree = "<group>"; };
		15CCFD6224D95F86008BBE8F /* UIView+PYAutolayout.m */ = {isa = PBXFileReference; fileEncoding = 4; lastKnownFileType = sourcecode.c.objc; path = "UIView+PYAutolayout.m"; sourceTree = "<group>"; };
		15CCFD6324D95F86008BBE8F /* UIView+PYAutolayout.h */ = {isa = PBXFileReference; fileEncoding = 4; lastKnownFileType = sourcecode.c.h; path = "UIView+PYAutolayout.h"; sourceTree = "<group>"; };
		15CECCA5228BAE6C008173E0 /* NSObject+Hook.h */ = {isa = PBXFileReference; lastKnownFileType = sourcecode.c.h; path = "NSObject+Hook.h"; sourceTree = "<group>"; };
		15CECCA6228BAE6C008173E0 /* NSObject+Hook.m */ = {isa = PBXFileReference; lastKnownFileType = sourcecode.c.objc; path = "NSObject+Hook.m"; sourceTree = "<group>"; };
		15D14DD32611CDB600529822 /* UIView+PYLayoutGetSet.h */ = {isa = PBXFileReference; lastKnownFileType = sourcecode.c.h; path = "UIView+PYLayoutGetSet.h"; sourceTree = "<group>"; };
		15D14DD42611CDB600529822 /* UIView+PYLayoutGetSet.m */ = {isa = PBXFileReference; lastKnownFileType = sourcecode.c.objc; path = "UIView+PYLayoutGetSet.m"; sourceTree = "<group>"; };
		15D3955A24DB050F005F8F06 /* NSArray+PYAutolayout.h */ = {isa = PBXFileReference; lastKnownFileType = sourcecode.c.h; path = "NSArray+PYAutolayout.h"; sourceTree = "<group>"; };
		15D3955B24DB050F005F8F06 /* NSArray+PYAutolayout.m */ = {isa = PBXFileReference; lastKnownFileType = sourcecode.c.objc; path = "NSArray+PYAutolayout.m"; sourceTree = "<group>"; };
		15DB05B624DA4AEA00EF5CE4 /* PYConstraintMaker.h */ = {isa = PBXFileReference; lastKnownFileType = sourcecode.c.h; path = PYConstraintMaker.h; sourceTree = "<group>"; };
		15DB05B724DA4AEA00EF5CE4 /* PYConstraintMaker.m */ = {isa = PBXFileReference; lastKnownFileType = sourcecode.c.objc; path = PYConstraintMaker.m; sourceTree = "<group>"; };
		15DB171E1DF687AB00182429 /* py_hook_encode_type.c */ = {isa = PBXFileReference; fileEncoding = 4; lastKnownFileType = sourcecode.c.c; path = py_hook_encode_type.c; sourceTree = "<group>"; };
		15DB171F1DF687AB00182429 /* py_hook_encode_type.h */ = {isa = PBXFileReference; fileEncoding = 4; lastKnownFileType = sourcecode.c.h; path = py_hook_encode_type.h; sourceTree = "<group>"; };
		15E4FB02221021BA001EBCAF /* py_data_function.h */ = {isa = PBXFileReference; lastKnownFileType = sourcecode.c.h; path = py_data_function.h; sourceTree = "<group>"; };
		15E4FB03221021BA001EBCAF /* py_data_function.c */ = {isa = PBXFileReference; lastKnownFileType = sourcecode.c.c; path = py_data_function.c; sourceTree = "<group>"; };
		15FA7FC0227EB327007C484E /* PYUncaughtExceptionHandler.m */ = {isa = PBXFileReference; fileEncoding = 4; lastKnownFileType = sourcecode.c.objc; path = PYUncaughtExceptionHandler.m; sourceTree = "<group>"; };
		15FA7FC2227EB327007C484E /* PYUtile.h */ = {isa = PBXFileReference; fileEncoding = 4; lastKnownFileType = sourcecode.c.h; path = PYUtile.h; sourceTree = "<group>"; };
		15FA7FC3227EB327007C484E /* PYUtile.m */ = {isa = PBXFileReference; fileEncoding = 4; lastKnownFileType = sourcecode.c.objc; path = PYUtile.m; sourceTree = "<group>"; };
		15FA7FC4227EB327007C484E /* PYUtileMacro.h */ = {isa = PBXFileReference; fileEncoding = 4; lastKnownFileType = sourcecode.c.h; path = PYUtileMacro.h; sourceTree = "<group>"; };
		15FA7FC5227EB327007C484E /* PYUncaughtExceptionHandler.h */ = {isa = PBXFileReference; fileEncoding = 4; lastKnownFileType = sourcecode.c.h; path = PYUncaughtExceptionHandler.h; sourceTree = "<group>"; };
		15FA7FCD227EB357007C484E /* NSObject+PYCopy.h */ = {isa = PBXFileReference; fileEncoding = 4; lastKnownFileType = sourcecode.c.h; path = "NSObject+PYCopy.h"; sourceTree = "<group>"; };
		15FA7FCE227EB357007C484E /* NSObject+PYCopy.m */ = {isa = PBXFileReference; fileEncoding = 4; lastKnownFileType = sourcecode.c.objc; path = "NSObject+PYCopy.m"; sourceTree = "<group>"; };
		15FA7FCF227EB357007C484E /* NSObject+PYDictionary.h */ = {isa = PBXFileReference; fileEncoding = 4; lastKnownFileType = sourcecode.c.h; path = "NSObject+PYDictionary.h"; sourceTree = "<group>"; };
		15FA7FD0227EB357007C484E /* NSObject+PYDictionary.m */ = {isa = PBXFileReference; fileEncoding = 4; lastKnownFileType = sourcecode.c.objc; path = "NSObject+PYDictionary.m"; sourceTree = "<group>"; };
		15FA7FD1227EB357007C484E /* NSObject+PYForm.h */ = {isa = PBXFileReference; fileEncoding = 4; lastKnownFileType = sourcecode.c.h; path = "NSObject+PYForm.h"; sourceTree = "<group>"; };
		15FA7FD2227EB357007C484E /* NSObject+PYForm.m */ = {isa = PBXFileReference; fileEncoding = 4; lastKnownFileType = sourcecode.c.objc; path = "NSObject+PYForm.m"; sourceTree = "<group>"; };
		15FB8C2B24DA48AF005F0F8D /* PYAutolayoutUtilites.h */ = {isa = PBXFileReference; lastKnownFileType = sourcecode.c.h; path = PYAutolayoutUtilites.h; sourceTree = "<group>"; };
		15FCA4E8239654CD008E4E96 /* UIButton+PYExpand.h */ = {isa = PBXFileReference; lastKnownFileType = sourcecode.c.h; path = "UIButton+PYExpand.h"; sourceTree = "<group>"; };
		15FCA4E9239654CE008E4E96 /* UIButton+PYExpand.m */ = {isa = PBXFileReference; lastKnownFileType = sourcecode.c.objc; path = "UIButton+PYExpand.m"; sourceTree = "<group>"; };
/* End PBXFileReference section */

/* Begin PBXFrameworksBuildPhase section */
		15BFDEA81DF4FFF20044EDAA /* Frameworks */ = {
			isa = PBXFrameworksBuildPhase;
			buildActionMask = 2147483647;
			files = (
			);
			runOnlyForDeploymentPostprocessing = 0;
		};
		15C5FAC61DF6688600FF2C75 /* Frameworks */ = {
			isa = PBXFrameworksBuildPhase;
			buildActionMask = 2147483647;
			files = (
			);
			runOnlyForDeploymentPostprocessing = 0;
		};
/* End PBXFrameworksBuildPhase section */

/* Begin PBXGroup section */
		15185D242269CA4B0009CD7A /* Copy */ = {
			isa = PBXGroup;
			children = (
				15185D252269CA610009CD7A /* PYObjectCopy.h */,
				15185D262269CA610009CD7A /* PYObjectCopy.m */,
			);
			path = Copy;
			sourceTree = "<group>";
		};
		153B97731F1DE544000F007C /* Xml */ = {
			isa = PBXGroup;
			children = (
				153B97741F1DE566000F007C /* PYXml.h */,
				153B97751F1DE566000F007C /* PYXml.m */,
			);
			path = Xml;
			sourceTree = "<group>";
		};
		15422DB721E5B3C00038D09E /* ArchiveAndParse */ = {
			isa = PBXGroup;
			children = (
				15422DB821E5B4A30038D09E /* PYArchiveParse.h */,
				15422DB921E5B4A30038D09E /* PYArchiveParse.m */,
				15422DC221E601370038D09E /* PYArchiveObject.h */,
				15422DBD21E5C9680038D09E /* PYArchiveObject.m */,
				15422DBF21E5FA490038D09E /* PYParseDictionary.h */,
				15422DC021E5FA490038D09E /* PYParseDictionary.m */,
			);
			path = ArchiveAndParse;
			sourceTree = "<group>";
		};
		15422DBB21E5B5F10038D09E /* Private */ = {
			isa = PBXGroup;
			children = (
				159F23F723978F7300C95278 /* Notification */,
				15B13E352293E4BC0063AA74 /* Match */,
				15FA7FCC227EB357007C484E /* NSObject */,
				15185D242269CA4B0009CD7A /* Copy */,
				155B965A21EDBE1D004AFEF2 /* Hook */,
				15422DB721E5B3C00038D09E /* ArchiveAndParse */,
				15E4FB02221021BA001EBCAF /* py_data_function.h */,
				15E4FB03221021BA001EBCAF /* py_data_function.c */,
			);
			path = Private;
			sourceTree = "<group>";
		};
		155172D42619AEB000DB8996 /* PYLayoutGetSet */ = {
			isa = PBXGroup;
			children = (
				15D14DD32611CDB600529822 /* UIView+PYLayoutGetSet.h */,
				15D14DD42611CDB600529822 /* UIView+PYLayoutGetSet.m */,
				155172D52619BD4F00DB8996 /* UIView+PYLayoutGet.h */,
				155172D62619BD4F00DB8996 /* UIView+PYLayoutGet.m */,
				155172D82619BE7100DB8996 /* UIView+PYLayoutRemove.h */,
				155172D92619BE7100DB8996 /* UIView+PYLayoutRemove.m */,
			);
			path = PYLayoutGetSet;
			sourceTree = "<group>";
		};
		155B965A21EDBE1D004AFEF2 /* Hook */ = {
			isa = PBXGroup;
			children = (
				15B13E2522927AC20063AA74 /* NSObject+__PYHook_Private.h */,
				15B13E2622927AC20063AA74 /* NSObject+__PYHook_Private.m */,
				15DB171E1DF687AB00182429 /* py_hook_encode_type.c */,
				15DB171F1DF687AB00182429 /* py_hook_encode_type.h */,
			);
			path = Hook;
			sourceTree = "<group>";
		};
		159F23F723978F7300C95278 /* Notification */ = {
			isa = PBXGroup;
			children = (
				159F23F823978F9900C95278 /* UIResponder+PYKeyboard.h */,
				159F23F923978F9900C95278 /* UIResponder+PYKeyboard.m */,
				159F23FB23978FDE00C95278 /* PYKeyboardNotifyPointerContext.h */,
				159F23FC23978FDE00C95278 /* PYKeyboardNotifyPointerContext.m */,
				159F24012397908D00C95278 /* PYKeyboardNotificationObject.h */,
				159F24022397908D00C95278 /* PYKeyboardNotificationObject.m */,
			);
			path = Notification;
			sourceTree = "<group>";
		};
		15B11B1D232216AD00CB11FF /* Keychain */ = {
			isa = PBXGroup;
			children = (
				15B11B22232216D000CB11FF /* PYKeychain.h */,
				15B11B21232216D000CB11FF /* PYKeychain.m */,
			);
			path = Keychain;
			sourceTree = "<group>";
		};
		15B13E2922927BBB0063AA74 /* Invoke */ = {
			isa = PBXGroup;
			children = (
				15242A731DF6592400C361E4 /* PYInvoke.h */,
				15242A741DF6592400C361E4 /* PYInvoke.m */,
			);
			path = Invoke;
			sourceTree = "<group>";
		};
		15B13E352293E4BC0063AA74 /* Match */ = {
			isa = PBXGroup;
			children = (
				15B13E362293E5330063AA74 /* NSString+__PY_Match.h */,
				15B13E372293E5330063AA74 /* NSString+__PY_Match.m */,
			);
			path = Match;
			sourceTree = "<group>";
		};
		15B7051721EDB631004C5555 /* Public */ = {
			isa = PBXGroup;
			children = (
				15B11B1D232216AD00CB11FF /* Keychain */,
				15BFDECB1DF5034A0044EDAA /* Expand */,
				15BFDEE21DF5034A0044EDAA /* EXTScope */,
				15C5FB301DF66C3B00FF2C75 /* Graphics */,
				15BFDEE61DF5034A0044EDAA /* Hook */,
				15B13E2922927BBB0063AA74 /* Invoke */,
				15BFDEFC1DF5034A0044EDAA /* Notification */,
				15FA7FC1227EB327007C484E /* Utile */,
				15C5FB2A1DF66A7900FF2C75 /* ViewAutolayout */,
				153B97731F1DE544000F007C /* Xml */,
			);
			path = Public;
			sourceTree = "<group>";
		};
		15BFDEA21DF4FFF20044EDAA = {
			isa = PBXGroup;
			children = (
				1527234426097DCD0067CA81 /* Location.gpx */,
				15BFDEAD1DF4FFF20044EDAA /* PYUtile */,
				15C5FACA1DF6688600FF2C75 /* pyutilea */,
				15BFDEAC1DF4FFF20044EDAA /* Products */,
			);
			sourceTree = "<group>";
		};
		15BFDEAC1DF4FFF20044EDAA /* Products */ = {
			isa = PBXGroup;
			children = (
				15BFDEAB1DF4FFF20044EDAA /* PYUtile.app */,
				15C5FAC91DF6688600FF2C75 /* libpyutilea.a */,
			);
			name = Products;
			sourceTree = "<group>";
		};
		15BFDEAD1DF4FFF20044EDAA /* PYUtile */ = {
			isa = PBXGroup;
			children = (
				15BFDEC51DF5034A0044EDAA /* Source */,
				15BFDEB11DF4FFF20044EDAA /* AppDelegate.h */,
				15BFDEB21DF4FFF20044EDAA /* AppDelegate.m */,
				15BFDEB41DF4FFF20044EDAA /* ViewController.h */,
				15BFDEB51DF4FFF20044EDAA /* ViewController.m */,
				15BFDEB71DF4FFF20044EDAA /* Main.storyboard */,
				15BFDEBA1DF4FFF20044EDAA /* Assets.xcassets */,
				15BFDEBC1DF4FFF20044EDAA /* LaunchScreen.storyboard */,
				15BFDEBF1DF4FFF20044EDAA /* Info.plist */,
				15BFDEAE1DF4FFF20044EDAA /* Supporting Files */,
			);
			path = PYUtile;
			sourceTree = "<group>";
		};
		15BFDEAE1DF4FFF20044EDAA /* Supporting Files */ = {
			isa = PBXGroup;
			children = (
				15BFDEAF1DF4FFF20044EDAA /* main.m */,
			);
			name = "Supporting Files";
			sourceTree = "<group>";
		};
		15BFDEC51DF5034A0044EDAA /* Source */ = {
			isa = PBXGroup;
			children = (
				15B7051721EDB631004C5555 /* Public */,
				15422DBB21E5B5F10038D09E /* Private */,
			);
			path = Source;
			sourceTree = "<group>";
		};
		15BFDECB1DF5034A0044EDAA /* Expand */ = {
			isa = PBXGroup;
			children = (
				15BFDECC1DF5034A0044EDAA /* NSArray+PYExpand.h */,
				15BFDECD1DF5034A0044EDAA /* NSArray+PYExpand.m */,
				15BFDECE1DF5034A0044EDAA /* NSData+PYExpand.h */,
				15BFDECF1DF5034A0044EDAA /* NSData+PYExpand.m */,
				15BFDED01DF5034A0044EDAA /* NSDate+PYExpand.h */,
				15BFDED11DF5034A0044EDAA /* NSDate+PYExpand.m */,
				15BFDED21DF5034A0044EDAA /* NSDictionary+PYExpand.h */,
				15BFDED31DF5034A0044EDAA /* NSDictionary+PYExpand.m */,
				15BFDED41DF5034A0044EDAA /* NSNumber+PYExpand.h */,
				15BFDED51DF5034A0044EDAA /* NSNumber+PYExpand.m */,
				15BFDED61DF5034A0044EDAA /* NSObject+PYExpand.h */,
				15BFDED71DF5034A0044EDAA /* NSObject+PYExpand.m */,
				15BFDED81DF5034A0044EDAA /* NSString+PYExpand.h */,
				15BFDED91DF5034A0044EDAA /* NSString+PYExpand.m */,
				15BFDEDA1DF5034A0044EDAA /* UIColor+PYExpand.h */,
				15BFDEDB1DF5034A0044EDAA /* UIColor+PYExpand.m */,
				15BFDEDC1DF5034A0044EDAA /* UIImage+PYExpand.h */,
				15BFDEDD1DF5034A0044EDAA /* UIImage+PYExpand.m */,
				15BFDEDE1DF5034A0044EDAA /* UILable+PYExpand.h */,
				15BFDEDF1DF5034A0044EDAA /* UILable+PYExpand.m */,
				15BFDEE01DF5034A0044EDAA /* UIView+PYExpand.h */,
				15BFDEE11DF5034A0044EDAA /* UIView+PYExpand.m */,
				15FCA4E8239654CD008E4E96 /* UIButton+PYExpand.h */,
				15FCA4E9239654CE008E4E96 /* UIButton+PYExpand.m */,
			);
			path = Expand;
			sourceTree = "<group>";
		};
		15BFDEE21DF5034A0044EDAA /* EXTScope */ = {
			isa = PBXGroup;
			children = (
				15BFDEE31DF5034A0044EDAA /* EXTScope.h */,
				15BFDEE41DF5034A0044EDAA /* EXTScope.m */,
				15BFDEE51DF5034A0044EDAA /* metamacros.h */,
			);
			path = EXTScope;
			sourceTree = "<group>";
		};
		15BFDEE61DF5034A0044EDAA /* Hook */ = {
			isa = PBXGroup;
			children = (
				15CECCA5228BAE6C008173E0 /* NSObject+Hook.h */,
				15CECCA6228BAE6C008173E0 /* NSObject+Hook.m */,
				15BFDEE91DF5034A0044EDAA /* PYHook.h */,
				15BFDEEA1DF5034A0044EDAA /* PYHook.m */,
				1583E1551DFA9F7000AD48EA /* UIResponder+Hook.h */,
				1583E1561DFA9F7000AD48EA /* UIResponder+Hook.m */,
				15BFDEEB1DF5034A0044EDAA /* UIView+Hook.h */,
				15BFDEEC1DF5034A0044EDAA /* UIView+Hook.m */,
				15BFDEED1DF5034A0044EDAA /* UIViewController+Hook.h */,
				15BFDEEE1DF5034A0044EDAA /* UIViewController+Hook.m */,
				15BFDEEF1DF5034A0044EDAA /* UIViewController+HookOrientation.h */,
				15BFDEF01DF5034A0044EDAA /* UIViewController+HookOrientation.m */,
				15BFDEF11DF5034A0044EDAA /* UIViewController+HookView.h */,
				15BFDEF21DF5034A0044EDAA /* UIViewController+HookView.m */,
			);
			path = Hook;
			sourceTree = "<group>";
		};
		15BFDEFC1DF5034A0044EDAA /* Notification */ = {
			isa = PBXGroup;
			children = (
				15BFDEFD1DF5034A0044EDAA /* PYKeyboardNotification.h */,
				15BFDEFE1DF5034A0044EDAA /* PYKeyboardNotification.m */,
				15242A631DF6580100C361E4 /* PYMotionNotification.h */,
				15242A641DF6580100C361E4 /* PYMotionNotification.m */,
				15242A651DF6580100C361E4 /* PYOrientationNotification.h */,
				15242A661DF6580100C361E4 /* PYOrientationNotification.m */,
			);
			path = Notification;
			sourceTree = "<group>";
		};
		15C5FACA1DF6688600FF2C75 /* pyutilea */ = {
			isa = PBXGroup;
			children = (
				15C5FACB1DF6688600FF2C75 /* pyutilea.h */,
			);
			path = pyutilea;
			sourceTree = "<group>";
		};
		15C5FB2A1DF66A7900FF2C75 /* ViewAutolayout */ = {
			isa = PBXGroup;
			children = (
				155172D42619AEB000DB8996 /* PYLayoutGetSet */,
				15FB8C2B24DA48AF005F0F8D /* PYAutolayoutUtilites.h */,
				15CCFD6324D95F86008BBE8F /* UIView+PYAutolayout.h */,
				15CCFD6224D95F86008BBE8F /* UIView+PYAutolayout.m */,
				15C5FB2B1DF66A7900FF2C75 /* PYViewAutolayoutCenter.h */,
				15C5FB2C1DF66A7900FF2C75 /* PYViewAutolayoutCenter.m */,
				15DB05B624DA4AEA00EF5CE4 /* PYConstraintMaker.h */,
				15DB05B724DA4AEA00EF5CE4 /* PYConstraintMaker.m */,
				15D3955A24DB050F005F8F06 /* NSArray+PYAutolayout.h */,
				15D3955B24DB050F005F8F06 /* NSArray+PYAutolayout.m */,
			);
			path = ViewAutolayout;
			sourceTree = "<group>";
		};
		15C5FB301DF66C3B00FF2C75 /* Graphics */ = {
			isa = PBXGroup;
			children = (
				15C5FB311DF66C3B00FF2C75 /* PYGraphicsDraw.h */,
				15C5FB321DF66C3B00FF2C75 /* PYGraphicsDraw.m */,
				15C5FB331DF66C3B00FF2C75 /* PYGraphicsThumb.h */,
				15C5FB341DF66C3B00FF2C75 /* PYGraphicsThumb.m */,
			);
			path = Graphics;
			sourceTree = "<group>";
		};
		15FA7FC1227EB327007C484E /* Utile */ = {
			isa = PBXGroup;
			children = (
				15FA7FC2227EB327007C484E /* PYUtile.h */,
				15FA7FC3227EB327007C484E /* PYUtile.m */,
				15FA7FC5227EB327007C484E /* PYUncaughtExceptionHandler.h */,
				15FA7FC0227EB327007C484E /* PYUncaughtExceptionHandler.m */,
				15FA7FC4227EB327007C484E /* PYUtileMacro.h */,
			);
			path = Utile;
			sourceTree = "<group>";
		};
		15FA7FCC227EB357007C484E /* NSObject */ = {
			isa = PBXGroup;
			children = (
				15FA7FCD227EB357007C484E /* NSObject+PYCopy.h */,
				15FA7FCE227EB357007C484E /* NSObject+PYCopy.m */,
				15FA7FCF227EB357007C484E /* NSObject+PYDictionary.h */,
				15FA7FD0227EB357007C484E /* NSObject+PYDictionary.m */,
				15FA7FD1227EB357007C484E /* NSObject+PYForm.h */,
				15FA7FD2227EB357007C484E /* NSObject+PYForm.m */,
			);
			path = NSObject;
			sourceTree = "<group>";
		};
/* End PBXGroup section */

/* Begin PBXNativeTarget section */
		15BFDEAA1DF4FFF20044EDAA /* PYUtile */ = {
			isa = PBXNativeTarget;
			buildConfigurationList = 15BFDEC21DF4FFF20044EDAA /* Build configuration list for PBXNativeTarget "PYUtile" */;
			buildPhases = (
				15BFDEA71DF4FFF20044EDAA /* Sources */,
				15BFDEA81DF4FFF20044EDAA /* Frameworks */,
				15BFDEA91DF4FFF20044EDAA /* Resources */,
				15242A831DF65ABB00C361E4 /* Embed Frameworks */,
				15B0388120BD5F2D00949F95 /* ShellScript */,
			);
			buildRules = (
			);
			dependencies = (
			);
			name = PYUtile;
			productName = PYUtile;
			productReference = 15BFDEAB1DF4FFF20044EDAA /* PYUtile.app */;
			productType = "com.apple.product-type.application";
		};
		15C5FAC81DF6688600FF2C75 /* pyutilea */ = {
			isa = PBXNativeTarget;
			buildConfigurationList = 15C5FACF1DF6688600FF2C75 /* Build configuration list for PBXNativeTarget "pyutilea" */;
			buildPhases = (
				15C5FAC51DF6688600FF2C75 /* Sources */,
				15C5FAC61DF6688600FF2C75 /* Frameworks */,
				15C5FAC71DF6688600FF2C75 /* CopyFiles */,
			);
			buildRules = (
			);
			dependencies = (
			);
			name = pyutilea;
			productName = pyutilea;
			productReference = 15C5FAC91DF6688600FF2C75 /* libpyutilea.a */;
			productType = "com.apple.product-type.library.static";
		};
/* End PBXNativeTarget section */

/* Begin PBXProject section */
		15BFDEA31DF4FFF20044EDAA /* Project object */ = {
			isa = PBXProject;
			attributes = {
				LastUpgradeCheck = 0810;
				ORGANIZATIONNAME = wlpiaoyi;
				TargetAttributes = {
					15BFDEAA1DF4FFF20044EDAA = {
						CreatedOnToolsVersion = 8.0;
						DevelopmentTeam = TVXZ27JPZ9;
						ProvisioningStyle = Automatic;
						SystemCapabilities = {
							com.apple.Keychain = {
								enabled = 0;
							};
						};
					};
					15C5FAC81DF6688600FF2C75 = {
						CreatedOnToolsVersion = 8.1;
						DevelopmentTeam = S4NUSJ3KDJ;
						ProvisioningStyle = Automatic;
					};
				};
			};
			buildConfigurationList = 15BFDEA61DF4FFF20044EDAA /* Build configuration list for PBXProject "PYUtile" */;
			compatibilityVersion = "Xcode 3.2";
			developmentRegion = English;
			hasScannedForEncodings = 0;
			knownRegions = (
				English,
				en,
				Base,
			);
			mainGroup = 15BFDEA21DF4FFF20044EDAA;
			productRefGroup = 15BFDEAC1DF4FFF20044EDAA /* Products */;
			projectDirPath = "";
			projectRoot = "";
			targets = (
				15BFDEAA1DF4FFF20044EDAA /* PYUtile */,
				15C5FAC81DF6688600FF2C75 /* pyutilea */,
			);
		};
/* End PBXProject section */

/* Begin PBXResourcesBuildPhase section */
		15BFDEA91DF4FFF20044EDAA /* Resources */ = {
			isa = PBXResourcesBuildPhase;
			buildActionMask = 2147483647;
			files = (
				15BFDEBE1DF4FFF20044EDAA /* LaunchScreen.storyboard in Resources */,
				15BFDEBB1DF4FFF20044EDAA /* Assets.xcassets in Resources */,
				15BFDEB91DF4FFF20044EDAA /* Main.storyboard in Resources */,
			);
			runOnlyForDeploymentPostprocessing = 0;
		};
/* End PBXResourcesBuildPhase section */

/* Begin PBXShellScriptBuildPhase section */
		15B0388120BD5F2D00949F95 /* ShellScript */ = {
			isa = PBXShellScriptBuildPhase;
			buildActionMask = 2147483647;
			files = (
			);
			inputPaths = (
			);
			outputPaths = (
			);
			runOnlyForDeploymentPostprocessing = 0;
			shellPath = /bin/sh;
			shellScript = "./bundle_version.sh `whoami`\n";
		};
/* End PBXShellScriptBuildPhase section */

/* Begin PBXSourcesBuildPhase section */
		15BFDEA71DF4FFF20044EDAA /* Sources */ = {
			isa = PBXSourcesBuildPhase;
			buildActionMask = 2147483647;
			files = (
				15BFDF091DF5034A0044EDAA /* NSObject+PYExpand.m in Sources */,
				15BFDF071DF5034A0044EDAA /* NSDictionary+PYExpand.m in Sources */,
				15FA7FC7227EB327007C484E /* PYUtile.m in Sources */,
				159F24032397908D00C95278 /* PYKeyboardNotificationObject.m in Sources */,
				15B13E2722927AC20063AA74 /* NSObject+__PYHook_Private.m in Sources */,
				15BFDF0B1DF5034A0044EDAA /* UIColor+PYExpand.m in Sources */,
				15CCFD6424D95F87008BBE8F /* UIView+PYAutolayout.m in Sources */,
				15E4FB04221021BA001EBCAF /* py_data_function.c in Sources */,
				15B13E382293E5330063AA74 /* NSString+__PY_Match.m in Sources */,
				15D14DD52611CDB600529822 /* UIView+PYLayoutGetSet.m in Sources */,
				15BFDF131DF5034A0044EDAA /* UIViewController+Hook.m in Sources */,
				15BFDF111DF5034A0044EDAA /* PYHook.m in Sources */,
				15BFDEB61DF4FFF20044EDAA /* ViewController.m in Sources */,
				15BFDEB31DF4FFF20044EDAA /* AppDelegate.m in Sources */,
				15BFDF0F1DF5034A0044EDAA /* EXTScope.m in Sources */,
				15B11B23232216D000CB11FF /* PYKeychain.m in Sources */,
				1583E1571DFA9F7000AD48EA /* UIResponder+Hook.m in Sources */,
				15FA7FD3227EB357007C484E /* NSObject+PYCopy.m in Sources */,
				153B97761F1DE566000F007C /* PYXml.m in Sources */,
				15FA7FC6227EB327007C484E /* PYUncaughtExceptionHandler.m in Sources */,
				15BFDF061DF5034A0044EDAA /* NSDate+PYExpand.m in Sources */,
				15BFDF041DF5034A0044EDAA /* NSArray+PYExpand.m in Sources */,
				15242A6B1DF6580100C361E4 /* PYMotionNotification.m in Sources */,
				159F23FA23978F9900C95278 /* UIResponder+PYKeyboard.m in Sources */,
				15185D272269CA610009CD7A /* PYObjectCopy.m in Sources */,
				15BFDF151DF5034A0044EDAA /* UIViewController+HookView.m in Sources */,
				15422DBE21E5C9680038D09E /* PYArchiveObject.m in Sources */,
				15BFDEB01DF4FFF20044EDAA /* main.m in Sources */,
				15FA7FD4227EB357007C484E /* NSObject+PYDictionary.m in Sources */,
				15DB05B824DA4AEA00EF5CE4 /* PYConstraintMaker.m in Sources */,
				15BFDF051DF5034A0044EDAA /* NSData+PYExpand.m in Sources */,
				15422DC121E5FA490038D09E /* PYParseDictionary.m in Sources */,
				15BFDF081DF5034A0044EDAA /* NSNumber+PYExpand.m in Sources */,
				15BFDF0A1DF5034A0044EDAA /* NSString+PYExpand.m in Sources */,
				15C5FB351DF66C3B00FF2C75 /* PYGraphicsDraw.m in Sources */,
				15BFDF141DF5034A0044EDAA /* UIViewController+HookOrientation.m in Sources */,
				155172D72619BD4F00DB8996 /* UIView+PYLayoutGet.m in Sources */,
				15BFDF1A1DF5034A0044EDAA /* PYKeyboardNotification.m in Sources */,
				15242A751DF6592400C361E4 /* PYInvoke.m in Sources */,
				155172DA2619BE7100DB8996 /* UIView+PYLayoutRemove.m in Sources */,
				15BFDF0C1DF5034A0044EDAA /* UIImage+PYExpand.m in Sources */,
				15C5FB361DF66C3B00FF2C75 /* PYGraphicsThumb.m in Sources */,
				159F23FD23978FDE00C95278 /* PYKeyboardNotifyPointerContext.m in Sources */,
				15FA7FD5227EB357007C484E /* NSObject+PYForm.m in Sources */,
				15BFDF0E1DF5034A0044EDAA /* UIView+PYExpand.m in Sources */,
				15C5FB2D1DF66A7900FF2C75 /* PYViewAutolayoutCenter.m in Sources */,
				15FCA4EA239654CE008E4E96 /* UIButton+PYExpand.m in Sources */,
				15CECCA7228BAE6C008173E0 /* NSObject+Hook.m in Sources */,
				15242A6C1DF6580100C361E4 /* PYOrientationNotification.m in Sources */,
				15422DBA21E5B4A30038D09E /* PYArchiveParse.m in Sources */,
				15DB17201DF687AB00182429 /* py_hook_encode_type.c in Sources */,
				15BFDF121DF5034A0044EDAA /* UIView+Hook.m in Sources */,
				15D3955C24DB050F005F8F06 /* NSArray+PYAutolayout.m in Sources */,
				15BFDF0D1DF5034A0044EDAA /* UILable+PYExpand.m in Sources */,
			);
			runOnlyForDeploymentPostprocessing = 0;
		};
		15C5FAC51DF6688600FF2C75 /* Sources */ = {
			isa = PBXSourcesBuildPhase;
			buildActionMask = 2147483647;
			files = (
				15DB05C024DA820D00EF5CE4 /* PYConstraintMaker.m in Sources */,
				15FB8C2924D9B472005F0F8D /* UIView+PYAutolayout.m in Sources */,
				159F24042397923700C95278 /* UIResponder+PYKeyboard.m in Sources */,
				159F24052397923700C95278 /* PYKeyboardNotifyPointerContext.m in Sources */,
				159F24062397923700C95278 /* PYKeyboardNotificationObject.m in Sources */,
				15FCA4EB239656E0008E4E96 /* UIButton+PYExpand.m in Sources */,
				15B11B252322172F00CB11FF /* PYKeychain.m in Sources */,
				15B13E392293E94D0063AA74 /* NSString+__PY_Match.m in Sources */,
				15C5FAD91DF668A800FF2C75 /* NSObject+PYExpand.m in Sources */,
				15CECCA9228BB6F2008173E0 /* NSObject+Hook.m in Sources */,
				15FA7FD6227EB375007C484E /* PYUncaughtExceptionHandler.m in Sources */,
				15FA7FD7227EB375007C484E /* PYUtile.m in Sources */,
				15FA7FD8227EB375007C484E /* NSObject+PYCopy.m in Sources */,
				15FA7FD9227EB375007C484E /* NSObject+PYDictionary.m in Sources */,
				15FA7FDA227EB375007C484E /* NSObject+PYForm.m in Sources */,
				15185D282269DF860009CD7A /* PYObjectCopy.m in Sources */,
				15E4FB0522102522001EBCAF /* py_data_function.c in Sources */,
				15422DC321E602830038D09E /* PYArchiveParse.m in Sources */,
				15422DC421E602830038D09E /* PYArchiveObject.m in Sources */,
				15422DC521E602830038D09E /* PYParseDictionary.m in Sources */,
				15799F9B1F99DB54001A7276 /* PYXml.m in Sources */,
				1583E1581DFA9FA400AD48EA /* UIResponder+Hook.m in Sources */,
				15DB17431DF6935700182429 /* py_hook_encode_type.c in Sources */,
				15C5FB391DF66C5200FF2C75 /* PYGraphicsDraw.m in Sources */,
				15C5FB3A1DF66C5200FF2C75 /* PYGraphicsThumb.m in Sources */,
				15C5FB2E1DF66A8300FF2C75 /* PYViewAutolayoutCenter.m in Sources */,
				15B13E2822927BAB0063AA74 /* NSObject+__PYHook_Private.m in Sources */,
				15C5FAD41DF668A800FF2C75 /* NSArray+PYExpand.m in Sources */,
				15C5FAD51DF668A800FF2C75 /* NSData+PYExpand.m in Sources */,
				15C5FAD61DF668A800FF2C75 /* NSDate+PYExpand.m in Sources */,
				15C5FAD71DF668A800FF2C75 /* NSDictionary+PYExpand.m in Sources */,
				15C5FAD81DF668A800FF2C75 /* NSNumber+PYExpand.m in Sources */,
				15C5FADA1DF668A800FF2C75 /* NSString+PYExpand.m in Sources */,
				15C5FADB1DF668A800FF2C75 /* UIColor+PYExpand.m in Sources */,
				15C5FADC1DF668A800FF2C75 /* UIImage+PYExpand.m in Sources */,
				15C5FADD1DF668A800FF2C75 /* UILable+PYExpand.m in Sources */,
				15C5FADE1DF668A800FF2C75 /* UIView+PYExpand.m in Sources */,
				15C5FADF1DF668A800FF2C75 /* EXTScope.m in Sources */,
				15C5FAE01DF668A800FF2C75 /* PYHook.m in Sources */,
				15C5FAE21DF668A800FF2C75 /* UIView+Hook.m in Sources */,
				15C5FAE31DF668A800FF2C75 /* UIViewController+Hook.m in Sources */,
				15C5FAE41DF668A800FF2C75 /* UIViewController+HookOrientation.m in Sources */,
				15C5FAE51DF668A800FF2C75 /* UIViewController+HookView.m in Sources */,
				15C5FAE61DF668A800FF2C75 /* PYInvoke.m in Sources */,
				15C5FAE71DF668A800FF2C75 /* PYKeyboardNotification.m in Sources */,
				15C5FAE81DF668A800FF2C75 /* PYMotionNotification.m in Sources */,
				15C5FAE91DF668A800FF2C75 /* PYOrientationNotification.m in Sources */,
			);
			runOnlyForDeploymentPostprocessing = 0;
		};
/* End PBXSourcesBuildPhase section */

/* Begin PBXVariantGroup section */
		15BFDEB71DF4FFF20044EDAA /* Main.storyboard */ = {
			isa = PBXVariantGroup;
			children = (
				15BFDEB81DF4FFF20044EDAA /* Base */,
			);
			name = Main.storyboard;
			sourceTree = "<group>";
		};
		15BFDEBC1DF4FFF20044EDAA /* LaunchScreen.storyboard */ = {
			isa = PBXVariantGroup;
			children = (
				15BFDEBD1DF4FFF20044EDAA /* Base */,
			);
			name = LaunchScreen.storyboard;
			sourceTree = "<group>";
		};
/* End PBXVariantGroup section */

/* Begin XCBuildConfiguration section */
		15BFDEC01DF4FFF20044EDAA /* Debug */ = {
			isa = XCBuildConfiguration;
			buildSettings = {
				ALWAYS_SEARCH_USER_PATHS = NO;
				CLANG_ANALYZER_NONNULL = YES;
				CLANG_CXX_LANGUAGE_STANDARD = "gnu++0x";
				CLANG_CXX_LIBRARY = "libc++";
				CLANG_ENABLE_MODULES = YES;
				CLANG_ENABLE_OBJC_ARC = YES;
				CLANG_WARN_BOOL_CONVERSION = YES;
				CLANG_WARN_CONSTANT_CONVERSION = YES;
				CLANG_WARN_DIRECT_OBJC_ISA_USAGE = YES_ERROR;
				CLANG_WARN_DOCUMENTATION_COMMENTS = YES;
				CLANG_WARN_EMPTY_BODY = YES;
				CLANG_WARN_ENUM_CONVERSION = YES;
				CLANG_WARN_INFINITE_RECURSION = YES;
				CLANG_WARN_INT_CONVERSION = YES;
				CLANG_WARN_OBJC_ROOT_CLASS = YES_ERROR;
				CLANG_WARN_SUSPICIOUS_MOVE = YES;
				CLANG_WARN_SUSPICIOUS_MOVES = YES;
				CLANG_WARN_UNREACHABLE_CODE = YES;
				CLANG_WARN__DUPLICATE_METHOD_MATCH = YES;
				"CODE_SIGN_IDENTITY[sdk=iphoneos*]" = "iPhone Developer";
				COPY_PHASE_STRIP = NO;
				DEBUG_INFORMATION_FORMAT = dwarf;
				ENABLE_STRICT_OBJC_MSGSEND = YES;
				ENABLE_TESTABILITY = YES;
				GCC_C_LANGUAGE_STANDARD = gnu99;
				GCC_DYNAMIC_NO_PIC = NO;
				GCC_NO_COMMON_BLOCKS = YES;
				GCC_OPTIMIZATION_LEVEL = 0;
				GCC_PREPROCESSOR_DEFINITIONS = (
					"DEBUG=1",
					"$(inherited)",
				);
				GCC_WARN_64_TO_32_BIT_CONVERSION = YES;
				GCC_WARN_ABOUT_RETURN_TYPE = YES_ERROR;
				GCC_WARN_UNDECLARED_SELECTOR = YES;
				GCC_WARN_UNINITIALIZED_AUTOS = YES_AGGRESSIVE;
				GCC_WARN_UNUSED_FUNCTION = YES;
				GCC_WARN_UNUSED_VARIABLE = YES;
				IPHONEOS_DEPLOYMENT_TARGET = 10.0;
				MTL_ENABLE_DEBUG_INFO = YES;
				ONLY_ACTIVE_ARCH = YES;
				SDKROOT = iphoneos;
				TARGETED_DEVICE_FAMILY = "1,2";
			};
			name = Debug;
		};
		15BFDEC11DF4FFF20044EDAA /* Release */ = {
			isa = XCBuildConfiguration;
			buildSettings = {
				ALWAYS_SEARCH_USER_PATHS = NO;
				CLANG_ANALYZER_NONNULL = YES;
				CLANG_CXX_LANGUAGE_STANDARD = "gnu++0x";
				CLANG_CXX_LIBRARY = "libc++";
				CLANG_ENABLE_MODULES = YES;
				CLANG_ENABLE_OBJC_ARC = YES;
				CLANG_WARN_BOOL_CONVERSION = YES;
				CLANG_WARN_CONSTANT_CONVERSION = YES;
				CLANG_WARN_DIRECT_OBJC_ISA_USAGE = YES_ERROR;
				CLANG_WARN_DOCUMENTATION_COMMENTS = YES;
				CLANG_WARN_EMPTY_BODY = YES;
				CLANG_WARN_ENUM_CONVERSION = YES;
				CLANG_WARN_INFINITE_RECURSION = YES;
				CLANG_WARN_INT_CONVERSION = YES;
				CLANG_WARN_OBJC_ROOT_CLASS = YES_ERROR;
				CLANG_WARN_SUSPICIOUS_MOVE = YES;
				CLANG_WARN_SUSPICIOUS_MOVES = YES;
				CLANG_WARN_UNREACHABLE_CODE = YES;
				CLANG_WARN__DUPLICATE_METHOD_MATCH = YES;
				"CODE_SIGN_IDENTITY[sdk=iphoneos*]" = "iPhone Developer";
				COPY_PHASE_STRIP = NO;
				DEBUG_INFORMATION_FORMAT = "dwarf-with-dsym";
				ENABLE_NS_ASSERTIONS = NO;
				ENABLE_STRICT_OBJC_MSGSEND = YES;
				GCC_C_LANGUAGE_STANDARD = gnu99;
				GCC_NO_COMMON_BLOCKS = YES;
				GCC_WARN_64_TO_32_BIT_CONVERSION = YES;
				GCC_WARN_ABOUT_RETURN_TYPE = YES_ERROR;
				GCC_WARN_UNDECLARED_SELECTOR = YES;
				GCC_WARN_UNINITIALIZED_AUTOS = YES_AGGRESSIVE;
				GCC_WARN_UNUSED_FUNCTION = YES;
				GCC_WARN_UNUSED_VARIABLE = YES;
				IPHONEOS_DEPLOYMENT_TARGET = 10.0;
				MTL_ENABLE_DEBUG_INFO = NO;
				SDKROOT = iphoneos;
				TARGETED_DEVICE_FAMILY = "1,2";
				VALIDATE_PRODUCT = YES;
			};
			name = Release;
		};
		15BFDEC31DF4FFF20044EDAA /* Debug */ = {
			isa = XCBuildConfiguration;
			buildSettings = {
				ASSETCATALOG_COMPILER_APPICON_NAME = AppIcon;
				DEVELOPMENT_TEAM = TVXZ27JPZ9;
				INFOPLIST_FILE = PYUtile/Info.plist;
				IPHONEOS_DEPLOYMENT_TARGET = 7.0;
				LD_RUNPATH_SEARCH_PATHS = "$(inherited) @executable_path/Frameworks";
				PRODUCT_BUNDLE_IDENTIFIER = wlpiaoyi.PYUtile;
				PRODUCT_NAME = "$(TARGET_NAME)";
			};
			name = Debug;
		};
		15BFDEC41DF4FFF20044EDAA /* Release */ = {
			isa = XCBuildConfiguration;
			buildSettings = {
				ASSETCATALOG_COMPILER_APPICON_NAME = AppIcon;
				DEVELOPMENT_TEAM = TVXZ27JPZ9;
				INFOPLIST_FILE = PYUtile/Info.plist;
				IPHONEOS_DEPLOYMENT_TARGET = 7.0;
				LD_RUNPATH_SEARCH_PATHS = "$(inherited) @executable_path/Frameworks";
				PRODUCT_BUNDLE_IDENTIFIER = wlpiaoyi.PYUtile;
				PRODUCT_NAME = "$(TARGET_NAME)";
			};
			name = Release;
		};
		15C5FAD01DF6688600FF2C75 /* Debug */ = {
			isa = XCBuildConfiguration;
			buildSettings = {
				DEBUG_INFORMATION_FORMAT = "dwarf-with-dsym";
				DEVELOPMENT_TEAM = S4NUSJ3KDJ;
				IPHONEOS_DEPLOYMENT_TARGET = 8.0;
				OTHER_LDFLAGS = "-ObjC";
				PRODUCT_NAME = "$(TARGET_NAME)";
				SKIP_INSTALL = YES;
			};
			name = Debug;
		};
		15C5FAD11DF6688600FF2C75 /* Release */ = {
			isa = XCBuildConfiguration;
			buildSettings = {
				DEVELOPMENT_TEAM = S4NUSJ3KDJ;
				IPHONEOS_DEPLOYMENT_TARGET = 8.0;
				OTHER_LDFLAGS = "-ObjC";
				PRODUCT_NAME = "$(TARGET_NAME)";
				SKIP_INSTALL = YES;
			};
			name = Release;
		};
/* End XCBuildConfiguration section */

/* Begin XCConfigurationList section */
		15BFDEA61DF4FFF20044EDAA /* Build configuration list for PBXProject "PYUtile" */ = {
			isa = XCConfigurationList;
			buildConfigurations = (
				15BFDEC01DF4FFF20044EDAA /* Debug */,
				15BFDEC11DF4FFF20044EDAA /* Release */,
			);
			defaultConfigurationIsVisible = 0;
			defaultConfigurationName = Release;
		};
		15BFDEC21DF4FFF20044EDAA /* Build configuration list for PBXNativeTarget "PYUtile" */ = {
			isa = XCConfigurationList;
			buildConfigurations = (
				15BFDEC31DF4FFF20044EDAA /* Debug */,
				15BFDEC41DF4FFF20044EDAA /* Release */,
			);
			defaultConfigurationIsVisible = 0;
			defaultConfigurationName = Release;
		};
		15C5FACF1DF6688600FF2C75 /* Build configuration list for PBXNativeTarget "pyutilea" */ = {
			isa = XCConfigurationList;
			buildConfigurations = (
				15C5FAD01DF6688600FF2C75 /* Debug */,
				15C5FAD11DF6688600FF2C75 /* Release */,
			);
			defaultConfigurationIsVisible = 0;
			defaultConfigurationName = Release;
		};
/* End XCConfigurationList section */
	};
	rootObject = 15BFDEA31DF4FFF20044EDAA /* Project object */;
}
